
Microsoft Visual Studio Solution File, Format Version 12.00
# Visual Studio Version 17
VisualStudioVersion = 17.0.31919.166
MinimumVisualStudioVersion = 10.0.40219.1
Project("{8BC9CEB8-8B4A-11D0-8D11-00A0C91BC942}") = "Core", "Engine\Source\Runtime\Core\Core.vcxproj", "{1D8E4D1C-5A87-4EF4-891E-EC0B21B08905}"
EndProject
Project("{2150E333-8FDC-42A3-9474-1A3956D46DE8}") = "Runtime", "Runtime", "{7A21A15F-29D8-4406-A7D5-DD7B6CAA8BAB}"
EndProject
Project("{8BC9CEB8-8B4A-11D0-8D11-00A0C91BC942}") = "Sandbox", "Sandbox\Sandbox.vcxproj", "{838CC1A8-34B7-49EB-BA38-125B4299CDA3}"
EndProject
Project("{8BC9CEB8-8B4A-11D0-8D11-00A0C91BC942}") = "RHI", "Engine\Source\Runtime\RHI\RHI.vcxproj", "{57D1ED0C-7818-473F-A88E-20CD0F8B0875}"
EndProject
Project("{8BC9CEB8-8B4A-11D0-8D11-00A0C91BC942}") = "UAT", "Engine\Source\Runtime\UAT\UAT.vcxproj", "{14A16D2E-1749-4189-9CBC-B82DEE407444}"
	ProjectSection(ProjectDependencies) = postProject
		{57D1ED0C-7818-473F-A88E-20CD0F8B0875} = {57D1ED0C-7818-473F-A88E-20CD0F8B0875}
		{1D8E4D1C-5A87-4EF4-891E-EC0B21B08905} = {1D8E4D1C-5A87-4EF4-891E-EC0B21B08905}
	EndProjectSection
EndProject
Project("{8BC9CEB8-8B4A-11D0-8D11-00A0C91BC942}") = "GFX", "Engine\Source\Runtime\GFX\GFX.vcxproj", "{A207E2A1-8B21-4977-B486-E77F05DFB7D7}"
	ProjectSection(ProjectDependencies) = postProject
		{D5738559-A252-4307-BF8F-9F44E106E922} = {D5738559-A252-4307-BF8F-9F44E106E922}
	EndProjectSection
EndProject
Project("{8BC9CEB8-8B4A-11D0-8D11-00A0C91BC942}") = "ECS", "Engine\Source\Runtime\ECS\ECS.vcxproj", "{688C4381-BA51-4866-9827-EB59AE7008CB}"
EndProject
Project("{8BC9CEB8-8B4A-11D0-8D11-00A0C91BC942}") = "Network", "Engine\Source\Runtime\Network\Network.vcxproj", "{92E7A182-38C2-4444-BE91-CE9FED5F178A}"
EndProject
Project("{2150E333-8FDC-42A3-9474-1A3956D46DE8}") = "Dependency", "Dependency", "{967D1110-DD62-45A7-B339-C04E90AF8F70}"
EndProject
Project("{8BC9CEB8-8B4A-11D0-8D11-00A0C91BC942}") = "yaml", "Engine\Source\ThirdParty\yaml\yaml.vcxproj", "{D5738559-A252-4307-BF8F-9F44E106E922}"
EndProject
Project("{8BC9CEB8-8B4A-11D0-8D11-00A0C91BC942}") = "ParticleSystem", "Engine\Source\Runtime\ParticleSystem\ParticleSystem.vcxproj", "{6F305728-C599-430C-979C-E9C1E833F300}"
EndProject
Global
	GlobalSection(SolutionConfigurationPlatforms) = preSolution
		Debug|x64 = Debug|x64
		Debug|x86 = Debug|x86
		DebugCuda|x64 = DebugCuda|x64
		DebugCuda|x86 = DebugCuda|x86
		Release|x64 = Release|x64
		Release|x86 = Release|x86
		ReleaseCuda|x64 = ReleaseCuda|x64
		ReleaseCuda|x86 = ReleaseCuda|x86
	EndGlobalSection
	GlobalSection(ProjectConfigurationPlatforms) = postSolution
		{1D8E4D1C-5A87-4EF4-891E-EC0B21B08905}.Debug|x64.ActiveCfg = Debug|x64
		{1D8E4D1C-5A87-4EF4-891E-EC0B21B08905}.Debug|x64.Build.0 = Debug|x64
		{1D8E4D1C-5A87-4EF4-891E-EC0B21B08905}.Debug|x86.ActiveCfg = Debug|Win32
		{1D8E4D1C-5A87-4EF4-891E-EC0B21B08905}.Debug|x86.Build.0 = Debug|Win32
		{1D8E4D1C-5A87-4EF4-891E-EC0B21B08905}.DebugCuda|x64.ActiveCfg = Debug|x64
		{1D8E4D1C-5A87-4EF4-891E-EC0B21B08905}.DebugCuda|x64.Build.0 = Debug|x64
		{1D8E4D1C-5A87-4EF4-891E-EC0B21B08905}.DebugCuda|x86.ActiveCfg = Debug|Win32
		{1D8E4D1C-5A87-4EF4-891E-EC0B21B08905}.DebugCuda|x86.Build.0 = Debug|Win32
		{1D8E4D1C-5A87-4EF4-891E-EC0B21B08905}.Release|x64.ActiveCfg = Release|x64
		{1D8E4D1C-5A87-4EF4-891E-EC0B21B08905}.Release|x64.Build.0 = Release|x64
		{1D8E4D1C-5A87-4EF4-891E-EC0B21B08905}.Release|x86.ActiveCfg = Release|Win32
		{1D8E4D1C-5A87-4EF4-891E-EC0B21B08905}.Release|x86.Build.0 = Release|Win32
		{1D8E4D1C-5A87-4EF4-891E-EC0B21B08905}.ReleaseCuda|x64.ActiveCfg = Release|x64
		{1D8E4D1C-5A87-4EF4-891E-EC0B21B08905}.ReleaseCuda|x64.Build.0 = Release|x64
		{1D8E4D1C-5A87-4EF4-891E-EC0B21B08905}.ReleaseCuda|x86.ActiveCfg = Release|Win32
		{1D8E4D1C-5A87-4EF4-891E-EC0B21B08905}.ReleaseCuda|x86.Build.0 = Release|Win32
		{838CC1A8-34B7-49EB-BA38-125B4299CDA3}.Debug|x64.ActiveCfg = Debug|x64
		{838CC1A8-34B7-49EB-BA38-125B4299CDA3}.Debug|x64.Build.0 = Debug|x64
		{838CC1A8-34B7-49EB-BA38-125B4299CDA3}.Debug|x86.ActiveCfg = Debug|Win32
		{838CC1A8-34B7-49EB-BA38-125B4299CDA3}.Debug|x86.Build.0 = Debug|Win32
		{838CC1A8-34B7-49EB-BA38-125B4299CDA3}.DebugCuda|x64.ActiveCfg = Debug|x64
		{838CC1A8-34B7-49EB-BA38-125B4299CDA3}.DebugCuda|x64.Build.0 = Debug|x64
		{838CC1A8-34B7-49EB-BA38-125B4299CDA3}.DebugCuda|x86.ActiveCfg = Debug|Win32
		{838CC1A8-34B7-49EB-BA38-125B4299CDA3}.DebugCuda|x86.Build.0 = Debug|Win32
		{838CC1A8-34B7-49EB-BA38-125B4299CDA3}.Release|x64.ActiveCfg = Release|x64
		{838CC1A8-34B7-49EB-BA38-125B4299CDA3}.Release|x64.Build.0 = Release|x64
		{838CC1A8-34B7-49EB-BA38-125B4299CDA3}.Release|x86.ActiveCfg = Release|Win32
		{838CC1A8-34B7-49EB-BA38-125B4299CDA3}.Release|x86.Build.0 = Release|Win32
		{838CC1A8-34B7-49EB-BA38-125B4299CDA3}.ReleaseCuda|x64.ActiveCfg = Release|x64
		{838CC1A8-34B7-49EB-BA38-125B4299CDA3}.ReleaseCuda|x64.Build.0 = Release|x64
		{838CC1A8-34B7-49EB-BA38-125B4299CDA3}.ReleaseCuda|x86.ActiveCfg = Release|Win32
		{838CC1A8-34B7-49EB-BA38-125B4299CDA3}.ReleaseCuda|x86.Build.0 = Release|Win32
		{57D1ED0C-7818-473F-A88E-20CD0F8B0875}.Debug|x64.ActiveCfg = Debug|x64
		{57D1ED0C-7818-473F-A88E-20CD0F8B0875}.Debug|x64.Build.0 = Debug|x64
		{57D1ED0C-7818-473F-A88E-20CD0F8B0875}.Debug|x86.ActiveCfg = Debug|Win32
		{57D1ED0C-7818-473F-A88E-20CD0F8B0875}.Debug|x86.Build.0 = Debug|Win32
		{57D1ED0C-7818-473F-A88E-20CD0F8B0875}.DebugCuda|x64.ActiveCfg = Debug|x64
		{57D1ED0C-7818-473F-A88E-20CD0F8B0875}.DebugCuda|x64.Build.0 = Debug|x64
		{57D1ED0C-7818-473F-A88E-20CD0F8B0875}.DebugCuda|x86.ActiveCfg = Debug|Win32
		{57D1ED0C-7818-473F-A88E-20CD0F8B0875}.DebugCuda|x86.Build.0 = Debug|Win32
		{57D1ED0C-7818-473F-A88E-20CD0F8B0875}.Release|x64.ActiveCfg = Release|x64
		{57D1ED0C-7818-473F-A88E-20CD0F8B0875}.Release|x64.Build.0 = Release|x64
		{57D1ED0C-7818-473F-A88E-20CD0F8B0875}.Release|x86.ActiveCfg = Release|Win32
		{57D1ED0C-7818-473F-A88E-20CD0F8B0875}.Release|x86.Build.0 = Release|Win32
		{57D1ED0C-7818-473F-A88E-20CD0F8B0875}.ReleaseCuda|x64.ActiveCfg = Release|x64
		{57D1ED0C-7818-473F-A88E-20CD0F8B0875}.ReleaseCuda|x64.Build.0 = Release|x64
		{57D1ED0C-7818-473F-A88E-20CD0F8B0875}.ReleaseCuda|x86.ActiveCfg = Release|Win32
		{57D1ED0C-7818-473F-A88E-20CD0F8B0875}.ReleaseCuda|x86.Build.0 = Release|Win32
		{14A16D2E-1749-4189-9CBC-B82DEE407444}.Debug|x64.ActiveCfg = Debug|x64
		{14A16D2E-1749-4189-9CBC-B82DEE407444}.Debug|x64.Build.0 = Debug|x64
		{14A16D2E-1749-4189-9CBC-B82DEE407444}.Debug|x86.ActiveCfg = Debug|Win32
		{14A16D2E-1749-4189-9CBC-B82DEE407444}.Debug|x86.Build.0 = Debug|Win32
		{14A16D2E-1749-4189-9CBC-B82DEE407444}.DebugCuda|x64.ActiveCfg = Debug|x64
		{14A16D2E-1749-4189-9CBC-B82DEE407444}.DebugCuda|x64.Build.0 = Debug|x64
		{14A16D2E-1749-4189-9CBC-B82DEE407444}.DebugCuda|x86.ActiveCfg = Debug|Win32
		{14A16D2E-1749-4189-9CBC-B82DEE407444}.DebugCuda|x86.Build.0 = Debug|Win32
		{14A16D2E-1749-4189-9CBC-B82DEE407444}.Release|x64.ActiveCfg = Release|x64
		{14A16D2E-1749-4189-9CBC-B82DEE407444}.Release|x64.Build.0 = Release|x64
		{14A16D2E-1749-4189-9CBC-B82DEE407444}.Release|x86.ActiveCfg = Release|Win32
		{14A16D2E-1749-4189-9CBC-B82DEE407444}.Release|x86.Build.0 = Release|Win32
		{14A16D2E-1749-4189-9CBC-B82DEE407444}.ReleaseCuda|x64.ActiveCfg = Release|x64
		{14A16D2E-1749-4189-9CBC-B82DEE407444}.ReleaseCuda|x64.Build.0 = Release|x64
		{14A16D2E-1749-4189-9CBC-B82DEE407444}.ReleaseCuda|x86.ActiveCfg = Release|Win32
		{14A16D2E-1749-4189-9CBC-B82DEE407444}.ReleaseCuda|x86.Build.0 = Release|Win32
		{A207E2A1-8B21-4977-B486-E77F05DFB7D7}.Debug|x64.ActiveCfg = Debug|x64
		{A207E2A1-8B21-4977-B486-E77F05DFB7D7}.Debug|x64.Build.0 = Debug|x64
		{A207E2A1-8B21-4977-B486-E77F05DFB7D7}.Debug|x86.ActiveCfg = Debug|Win32
		{A207E2A1-8B21-4977-B486-E77F05DFB7D7}.Debug|x86.Build.0 = Debug|Win32
		{A207E2A1-8B21-4977-B486-E77F05DFB7D7}.DebugCuda|x64.ActiveCfg = Debug|x64
		{A207E2A1-8B21-4977-B486-E77F05DFB7D7}.DebugCuda|x64.Build.0 = Debug|x64
		{A207E2A1-8B21-4977-B486-E77F05DFB7D7}.DebugCuda|x86.ActiveCfg = Debug|Win32
		{A207E2A1-8B21-4977-B486-E77F05DFB7D7}.DebugCuda|x86.Build.0 = Debug|Win32
		{A207E2A1-8B21-4977-B486-E77F05DFB7D7}.Release|x64.ActiveCfg = Release|x64
		{A207E2A1-8B21-4977-B486-E77F05DFB7D7}.Release|x64.Build.0 = Release|x64
		{A207E2A1-8B21-4977-B486-E77F05DFB7D7}.Release|x86.ActiveCfg = Release|Win32
		{A207E2A1-8B21-4977-B486-E77F05DFB7D7}.Release|x86.Build.0 = Release|Win32
		{A207E2A1-8B21-4977-B486-E77F05DFB7D7}.ReleaseCuda|x64.ActiveCfg = Release|x64
		{A207E2A1-8B21-4977-B486-E77F05DFB7D7}.ReleaseCuda|x64.Build.0 = Release|x64
		{A207E2A1-8B21-4977-B486-E77F05DFB7D7}.ReleaseCuda|x86.ActiveCfg = Release|Win32
		{A207E2A1-8B21-4977-B486-E77F05DFB7D7}.ReleaseCuda|x86.Build.0 = Release|Win32
		{688C4381-BA51-4866-9827-EB59AE7008CB}.Debug|x64.ActiveCfg = Debug|x64
		{688C4381-BA51-4866-9827-EB59AE7008CB}.Debug|x64.Build.0 = Debug|x64
		{688C4381-BA51-4866-9827-EB59AE7008CB}.Debug|x86.ActiveCfg = Debug|Win32
		{688C4381-BA51-4866-9827-EB59AE7008CB}.Debug|x86.Build.0 = Debug|Win32
		{688C4381-BA51-4866-9827-EB59AE7008CB}.DebugCuda|x64.ActiveCfg = Debug|x64
		{688C4381-BA51-4866-9827-EB59AE7008CB}.DebugCuda|x64.Build.0 = Debug|x64
		{688C4381-BA51-4866-9827-EB59AE7008CB}.DebugCuda|x86.ActiveCfg = Debug|Win32
		{688C4381-BA51-4866-9827-EB59AE7008CB}.DebugCuda|x86.Build.0 = Debug|Win32
		{688C4381-BA51-4866-9827-EB59AE7008CB}.Release|x64.ActiveCfg = Release|x64
		{688C4381-BA51-4866-9827-EB59AE7008CB}.Release|x64.Build.0 = Release|x64
		{688C4381-BA51-4866-9827-EB59AE7008CB}.Release|x86.ActiveCfg = Release|Win32
		{688C4381-BA51-4866-9827-EB59AE7008CB}.Release|x86.Build.0 = Release|Win32
		{688C4381-BA51-4866-9827-EB59AE7008CB}.ReleaseCuda|x64.ActiveCfg = Release|x64
		{688C4381-BA51-4866-9827-EB59AE7008CB}.ReleaseCuda|x64.Build.0 = Release|x64
		{688C4381-BA51-4866-9827-EB59AE7008CB}.ReleaseCuda|x86.ActiveCfg = Release|Win32
		{688C4381-BA51-4866-9827-EB59AE7008CB}.ReleaseCuda|x86.Build.0 = Release|Win32
		{92E7A182-38C2-4444-BE91-CE9FED5F178A}.Debug|x64.ActiveCfg = Debug|x64
		{92E7A182-38C2-4444-BE91-CE9FED5F178A}.Debug|x64.Build.0 = Debug|x64
		{92E7A182-38C2-4444-BE91-CE9FED5F178A}.Debug|x86.ActiveCfg = Debug|Win32
		{92E7A182-38C2-4444-BE91-CE9FED5F178A}.Debug|x86.Build.0 = Debug|Win32
		{92E7A182-38C2-4444-BE91-CE9FED5F178A}.DebugCuda|x64.ActiveCfg = Debug|x64
		{92E7A182-38C2-4444-BE91-CE9FED5F178A}.DebugCuda|x64.Build.0 = Debug|x64
		{92E7A182-38C2-4444-BE91-CE9FED5F178A}.DebugCuda|x86.ActiveCfg = Debug|Win32
		{92E7A182-38C2-4444-BE91-CE9FED5F178A}.DebugCuda|x86.Build.0 = Debug|Win32
		{92E7A182-38C2-4444-BE91-CE9FED5F178A}.Release|x64.ActiveCfg = Release|x64
		{92E7A182-38C2-4444-BE91-CE9FED5F178A}.Release|x64.Build.0 = Release|x64
		{92E7A182-38C2-4444-BE91-CE9FED5F178A}.Release|x86.ActiveCfg = Release|Win32
		{92E7A182-38C2-4444-BE91-CE9FED5F178A}.Release|x86.Build.0 = Release|Win32
		{92E7A182-38C2-4444-BE91-CE9FED5F178A}.ReleaseCuda|x64.ActiveCfg = Release|x64
		{92E7A182-38C2-4444-BE91-CE9FED5F178A}.ReleaseCuda|x64.Build.0 = Release|x64
		{92E7A182-38C2-4444-BE91-CE9FED5F178A}.ReleaseCuda|x86.ActiveCfg = Release|Win32
		{92E7A182-38C2-4444-BE91-CE9FED5F178A}.ReleaseCuda|x86.Build.0 = Release|Win32
		{D5738559-A252-4307-BF8F-9F44E106E922}.Debug|x64.ActiveCfg = Debug|x64
		{D5738559-A252-4307-BF8F-9F44E106E922}.Debug|x64.Build.0 = Debug|x64
		{D5738559-A252-4307-BF8F-9F44E106E922}.Debug|x86.ActiveCfg = Debug|Win32
		{D5738559-A252-4307-BF8F-9F44E106E922}.Debug|x86.Build.0 = Debug|Win32
		{D5738559-A252-4307-BF8F-9F44E106E922}.DebugCuda|x64.ActiveCfg = DebugCuda|x64
		{D5738559-A252-4307-BF8F-9F44E106E922}.DebugCuda|x64.Build.0 = DebugCuda|x64
		{D5738559-A252-4307-BF8F-9F44E106E922}.DebugCuda|x86.ActiveCfg = DebugCuda|Win32
		{D5738559-A252-4307-BF8F-9F44E106E922}.DebugCuda|x86.Build.0 = DebugCuda|Win32
		{D5738559-A252-4307-BF8F-9F44E106E922}.Release|x64.ActiveCfg = Release|x64
		{D5738559-A252-4307-BF8F-9F44E106E922}.Release|x64.Build.0 = Release|x64
		{D5738559-A252-4307-BF8F-9F44E106E922}.Release|x86.ActiveCfg = Release|Win32
		{D5738559-A252-4307-BF8F-9F44E106E922}.Release|x86.Build.0 = Release|Win32
		{D5738559-A252-4307-BF8F-9F44E106E922}.ReleaseCuda|x64.ActiveCfg = ReleaseCuda|x64
		{D5738559-A252-4307-BF8F-9F44E106E922}.ReleaseCuda|x64.Build.0 = ReleaseCuda|x64
		{D5738559-A252-4307-BF8F-9F44E106E922}.ReleaseCuda|x86.ActiveCfg = ReleaseCuda|Win32
		{D5738559-A252-4307-BF8F-9F44E106E922}.ReleaseCuda|x86.Build.0 = ReleaseCuda|Win32
		{6F305728-C599-430C-979C-E9C1E833F300}.Debug|x64.ActiveCfg = Debug|x64
		{6F305728-C599-430C-979C-E9C1E833F300}.Debug|x64.Build.0 = Debug|x64
		{6F305728-C599-430C-979C-E9C1E833F300}.Debug|x86.ActiveCfg = Debug|Win32
		{6F305728-C599-430C-979C-E9C1E833F300}.Debug|x86.Build.0 = Debug|Win32
		{6F305728-C599-430C-979C-E9C1E833F300}.DebugCuda|x64.ActiveCfg = Debug|x64
		{6F305728-C599-430C-979C-E9C1E833F300}.DebugCuda|x64.Build.0 = Debug|x64
		{6F305728-C599-430C-979C-E9C1E833F300}.DebugCuda|x86.ActiveCfg = Debug|Win32
		{6F305728-C599-430C-979C-E9C1E833F300}.DebugCuda|x86.Build.0 = Debug|Win32
		{6F305728-C599-430C-979C-E9C1E833F300}.Release|x64.ActiveCfg = Release|x64
		{6F305728-C599-430C-979C-E9C1E833F300}.Release|x64.Build.0 = Release|x64
		{6F305728-C599-430C-979C-E9C1E833F300}.Release|x86.ActiveCfg = Release|Win32
		{6F305728-C599-430C-979C-E9C1E833F300}.Release|x86.Build.0 = Release|Win32
		{6F305728-C599-430C-979C-E9C1E833F300}.ReleaseCuda|x64.ActiveCfg = Release|x64
		{6F305728-C599-430C-979C-E9C1E833F300}.ReleaseCuda|x64.Build.0 = Release|x64
		{6F305728-C599-430C-979C-E9C1E833F300}.ReleaseCuda|x86.ActiveCfg = Release|Win32
		{6F305728-C599-430C-979C-E9C1E833F300}.ReleaseCuda|x86.Build.0 = Release|Win32
	EndGlobalSection
	GlobalSection(SolutionProperties) = preSolution
		HideSolutionNode = FALSE
	EndGlobalSection
	GlobalSection(NestedProjects) = preSolution
		{1D8E4D1C-5A87-4EF4-891E-EC0B21B08905} = {7A21A15F-29D8-4406-A7D5-DD7B6CAA8BAB}
		{57D1ED0C-7818-473F-A88E-20CD0F8B0875} = {7A21A15F-29D8-4406-A7D5-DD7B6CAA8BAB}
		{14A16D2E-1749-4189-9CBC-B82DEE407444} = {7A21A15F-29D8-4406-A7D5-DD7B6CAA8BAB}
		{A207E2A1-8B21-4977-B486-E77F05DFB7D7} = {7A21A15F-29D8-4406-A7D5-DD7B6CAA8BAB}
		{688C4381-BA51-4866-9827-EB59AE7008CB} = {7A21A15F-29D8-4406-A7D5-DD7B6CAA8BAB}
		{92E7A182-38C2-4444-BE91-CE9FED5F178A} = {7A21A15F-29D8-4406-A7D5-DD7B6CAA8BAB}
		{D5738559-A252-4307-BF8F-9F44E106E922} = {967D1110-DD62-45A7-B339-C04E90AF8F70}
		{6F305728-C599-430C-979C-E9C1E833F300} = {7A21A15F-29D8-4406-A7D5-DD7B6CAA8BAB}
	EndGlobalSection
	GlobalSection(ExtensibilityGlobals) = postSolution
		SolutionGuid = {27B9800B-2764-4CEA-AC3A-22CF85804273}
	EndGlobalSection
EndGlobal
