
Microsoft Visual Studio Solution File, Format Version 12.00
# Visual Studio Version 16
VisualStudioVersion = 16.0.31424.327
MinimumVisualStudioVersion = 10.0.40219.1
Project("{8BC9CEB8-8B4A-11D0-8D11-00A0C91BC942}") = "SibylEngine", "SibylEngine\SibylEngine.vcxproj", "{BCC5C14C-384A-4B5B-A826-2A5456C7D33B}"
	ProjectSection(ProjectDependencies) = postProject
		{AD31191E-887B-4A13-8960-7DCFEFCADC39} = {AD31191E-887B-4A13-8960-7DCFEFCADC39}
		{94B4963D-A20D-4251-B0EB-6D2320E08600} = {94B4963D-A20D-4251-B0EB-6D2320E08600}
		{D5738559-A252-4307-BF8F-9F44E106E922} = {D5738559-A252-4307-BF8F-9F44E106E922}
	EndProjectSection
EndProject
Project("{8BC9CEB8-8B4A-11D0-8D11-00A0C91BC942}") = "SibylExample", "SibylExample\SibylExample.vcxproj", "{44A31B46-129E-4B6B-9E9C-9C69D7619D2F}"
	ProjectSection(ProjectDependencies) = postProject
		{D5738559-A252-4307-BF8F-9F44E106E922} = {D5738559-A252-4307-BF8F-9F44E106E922}
		{3AC3C7C4-FCDB-41F5-88D6-72C5626F6DB4} = {3AC3C7C4-FCDB-41F5-88D6-72C5626F6DB4}
	EndProjectSection
EndProject
Project("{8BC9CEB8-8B4A-11D0-8D11-00A0C91BC942}") = "SibylEditor", "SibylEditor\SibylEditor.vcxproj", "{901A25EC-013A-49C3-87A6-5D8D4CCFDD22}"
	ProjectSection(ProjectDependencies) = postProject
		{BCC5C14C-384A-4B5B-A826-2A5456C7D33B} = {BCC5C14C-384A-4B5B-A826-2A5456C7D33B}
		{D5738559-A252-4307-BF8F-9F44E106E922} = {D5738559-A252-4307-BF8F-9F44E106E922}
	EndProjectSection
EndProject
Project("{2150E333-8FDC-42A3-9474-1A3956D46DE8}") = "Modules", "Modules", "{AAED3A2E-092C-4F55-84D2-9389696D5156}"
EndProject
Project("{2150E333-8FDC-42A3-9474-1A3956D46DE8}") = "Dependencies", "Dependencies", "{50BACD35-3468-4940-BFAE-5D8ECDEFA7B7}"
EndProject
Project("{8BC9CEB8-8B4A-11D0-8D11-00A0C91BC942}") = "yaml", "vendor\yaml\yaml.vcxproj", "{D5738559-A252-4307-BF8F-9F44E106E922}"
EndProject
Project("{8BC9CEB8-8B4A-11D0-8D11-00A0C91BC942}") = "CudaModule", "Modules\CudaModule\CudaModule.vcxproj", "{AD31191E-887B-4A13-8960-7DCFEFCADC39}"
EndProject
Project("{8BC9CEB8-8B4A-11D0-8D11-00A0C91BC942}") = "NetworkModule", "Modules\NetworkModule\NetworkModule.vcxproj", "{94B4963D-A20D-4251-B0EB-6D2320E08600}"
EndProject
Project("{8BC9CEB8-8B4A-11D0-8D11-00A0C91BC942}") = "ShaderModule", "Modules\ShaderModule\ShaderModule.vcxproj", "{3AC3C7C4-FCDB-41F5-88D6-72C5626F6DB4}"
EndProject
Project("{8BC9CEB8-8B4A-11D0-8D11-00A0C91BC942}") = "FileModule", "Modules\FileModule\FileModule.vcxproj", "{A88A7E71-99FE-429C-B8A9-8B86C4F93A6C}"
EndProject
Project("{8BC9CEB8-8B4A-11D0-8D11-00A0C91BC942}") = "Core", "Modules\Core\Core.vcxproj", "{E50A4BF8-6456-4975-ACB6-AA2DE7335D84}"
EndProject
Global
	GlobalSection(SolutionConfigurationPlatforms) = preSolution
		Debug|x64 = Debug|x64
		DebugCuda|x64 = DebugCuda|x64
		Release|x64 = Release|x64
		ReleaseCuda|x64 = ReleaseCuda|x64
	EndGlobalSection
	GlobalSection(ProjectConfigurationPlatforms) = postSolution
		{BCC5C14C-384A-4B5B-A826-2A5456C7D33B}.Debug|x64.ActiveCfg = Debug|x64
		{BCC5C14C-384A-4B5B-A826-2A5456C7D33B}.Debug|x64.Build.0 = Debug|x64
		{BCC5C14C-384A-4B5B-A826-2A5456C7D33B}.DebugCuda|x64.ActiveCfg = DebugCuda|x64
		{BCC5C14C-384A-4B5B-A826-2A5456C7D33B}.DebugCuda|x64.Build.0 = DebugCuda|x64
		{BCC5C14C-384A-4B5B-A826-2A5456C7D33B}.Release|x64.ActiveCfg = Release|x64
		{BCC5C14C-384A-4B5B-A826-2A5456C7D33B}.Release|x64.Build.0 = Release|x64
		{BCC5C14C-384A-4B5B-A826-2A5456C7D33B}.ReleaseCuda|x64.ActiveCfg = ReleaseCuda|x64
		{BCC5C14C-384A-4B5B-A826-2A5456C7D33B}.ReleaseCuda|x64.Build.0 = ReleaseCuda|x64
		{44A31B46-129E-4B6B-9E9C-9C69D7619D2F}.Debug|x64.ActiveCfg = Debug|x64
		{44A31B46-129E-4B6B-9E9C-9C69D7619D2F}.Debug|x64.Build.0 = Debug|x64
		{44A31B46-129E-4B6B-9E9C-9C69D7619D2F}.DebugCuda|x64.ActiveCfg = DebugCuda|x64
		{44A31B46-129E-4B6B-9E9C-9C69D7619D2F}.DebugCuda|x64.Build.0 = DebugCuda|x64
		{44A31B46-129E-4B6B-9E9C-9C69D7619D2F}.Release|x64.ActiveCfg = Release|x64
		{44A31B46-129E-4B6B-9E9C-9C69D7619D2F}.Release|x64.Build.0 = Release|x64
		{44A31B46-129E-4B6B-9E9C-9C69D7619D2F}.ReleaseCuda|x64.ActiveCfg = ReleaseCuda|x64
		{44A31B46-129E-4B6B-9E9C-9C69D7619D2F}.ReleaseCuda|x64.Build.0 = ReleaseCuda|x64
		{901A25EC-013A-49C3-87A6-5D8D4CCFDD22}.Debug|x64.ActiveCfg = Debug|x64
		{901A25EC-013A-49C3-87A6-5D8D4CCFDD22}.Debug|x64.Build.0 = Debug|x64
		{901A25EC-013A-49C3-87A6-5D8D4CCFDD22}.DebugCuda|x64.ActiveCfg = DebugCuda|x64
		{901A25EC-013A-49C3-87A6-5D8D4CCFDD22}.DebugCuda|x64.Build.0 = DebugCuda|x64
		{901A25EC-013A-49C3-87A6-5D8D4CCFDD22}.Release|x64.ActiveCfg = Release|x64
		{901A25EC-013A-49C3-87A6-5D8D4CCFDD22}.Release|x64.Build.0 = Release|x64
		{901A25EC-013A-49C3-87A6-5D8D4CCFDD22}.ReleaseCuda|x64.ActiveCfg = ReleaseCuda|x64
		{901A25EC-013A-49C3-87A6-5D8D4CCFDD22}.ReleaseCuda|x64.Build.0 = ReleaseCuda|x64
		{D5738559-A252-4307-BF8F-9F44E106E922}.Debug|x64.ActiveCfg = Debug|x64
		{D5738559-A252-4307-BF8F-9F44E106E922}.Debug|x64.Build.0 = Debug|x64
		{D5738559-A252-4307-BF8F-9F44E106E922}.DebugCuda|x64.ActiveCfg = DebugCuda|x64
		{D5738559-A252-4307-BF8F-9F44E106E922}.DebugCuda|x64.Build.0 = DebugCuda|x64
		{D5738559-A252-4307-BF8F-9F44E106E922}.Release|x64.ActiveCfg = Release|x64
		{D5738559-A252-4307-BF8F-9F44E106E922}.Release|x64.Build.0 = Release|x64
		{D5738559-A252-4307-BF8F-9F44E106E922}.ReleaseCuda|x64.ActiveCfg = ReleaseCuda|x64
		{D5738559-A252-4307-BF8F-9F44E106E922}.ReleaseCuda|x64.Build.0 = ReleaseCuda|x64
		{AD31191E-887B-4A13-8960-7DCFEFCADC39}.Debug|x64.ActiveCfg = Debug|x64
		{AD31191E-887B-4A13-8960-7DCFEFCADC39}.Debug|x64.Build.0 = Debug|x64
		{AD31191E-887B-4A13-8960-7DCFEFCADC39}.DebugCuda|x64.ActiveCfg = DebugCuda|x64
		{AD31191E-887B-4A13-8960-7DCFEFCADC39}.DebugCuda|x64.Build.0 = DebugCuda|x64
		{AD31191E-887B-4A13-8960-7DCFEFCADC39}.Release|x64.ActiveCfg = Release|x64
		{AD31191E-887B-4A13-8960-7DCFEFCADC39}.Release|x64.Build.0 = Release|x64
		{AD31191E-887B-4A13-8960-7DCFEFCADC39}.ReleaseCuda|x64.ActiveCfg = ReleaseCuda|x64
		{AD31191E-887B-4A13-8960-7DCFEFCADC39}.ReleaseCuda|x64.Build.0 = ReleaseCuda|x64
		{94B4963D-A20D-4251-B0EB-6D2320E08600}.Debug|x64.ActiveCfg = Debug|x64
		{94B4963D-A20D-4251-B0EB-6D2320E08600}.Debug|x64.Build.0 = Debug|x64
		{94B4963D-A20D-4251-B0EB-6D2320E08600}.DebugCuda|x64.ActiveCfg = Debug|x64
		{94B4963D-A20D-4251-B0EB-6D2320E08600}.DebugCuda|x64.Build.0 = Debug|x64
		{94B4963D-A20D-4251-B0EB-6D2320E08600}.Release|x64.ActiveCfg = Release|x64
		{94B4963D-A20D-4251-B0EB-6D2320E08600}.Release|x64.Build.0 = Release|x64
		{94B4963D-A20D-4251-B0EB-6D2320E08600}.ReleaseCuda|x64.ActiveCfg = Release|x64
		{94B4963D-A20D-4251-B0EB-6D2320E08600}.ReleaseCuda|x64.Build.0 = Release|x64
		{3AC3C7C4-FCDB-41F5-88D6-72C5626F6DB4}.Debug|x64.ActiveCfg = Debug|x64
		{3AC3C7C4-FCDB-41F5-88D6-72C5626F6DB4}.Debug|x64.Build.0 = Debug|x64
		{3AC3C7C4-FCDB-41F5-88D6-72C5626F6DB4}.DebugCuda|x64.ActiveCfg = Debug|x64
		{3AC3C7C4-FCDB-41F5-88D6-72C5626F6DB4}.DebugCuda|x64.Build.0 = Debug|x64
		{3AC3C7C4-FCDB-41F5-88D6-72C5626F6DB4}.Release|x64.ActiveCfg = Release|x64
		{3AC3C7C4-FCDB-41F5-88D6-72C5626F6DB4}.Release|x64.Build.0 = Release|x64
		{3AC3C7C4-FCDB-41F5-88D6-72C5626F6DB4}.ReleaseCuda|x64.ActiveCfg = Release|x64
		{3AC3C7C4-FCDB-41F5-88D6-72C5626F6DB4}.ReleaseCuda|x64.Build.0 = Release|x64
		{A88A7E71-99FE-429C-B8A9-8B86C4F93A6C}.Debug|x64.ActiveCfg = Debug|x64
		{A88A7E71-99FE-429C-B8A9-8B86C4F93A6C}.Debug|x64.Build.0 = Debug|x64
		{A88A7E71-99FE-429C-B8A9-8B86C4F93A6C}.DebugCuda|x64.ActiveCfg = Debug|x64
		{A88A7E71-99FE-429C-B8A9-8B86C4F93A6C}.DebugCuda|x64.Build.0 = Debug|x64
		{A88A7E71-99FE-429C-B8A9-8B86C4F93A6C}.Release|x64.ActiveCfg = Release|x64
		{A88A7E71-99FE-429C-B8A9-8B86C4F93A6C}.Release|x64.Build.0 = Release|x64
		{A88A7E71-99FE-429C-B8A9-8B86C4F93A6C}.ReleaseCuda|x64.ActiveCfg = Release|x64
		{A88A7E71-99FE-429C-B8A9-8B86C4F93A6C}.ReleaseCuda|x64.Build.0 = Release|x64
		{E50A4BF8-6456-4975-ACB6-AA2DE7335D84}.Debug|x64.ActiveCfg = Debug|x64
		{E50A4BF8-6456-4975-ACB6-AA2DE7335D84}.Debug|x64.Build.0 = Debug|x64
		{E50A4BF8-6456-4975-ACB6-AA2DE7335D84}.DebugCuda|x64.ActiveCfg = Debug|x64
		{E50A4BF8-6456-4975-ACB6-AA2DE7335D84}.DebugCuda|x64.Build.0 = Debug|x64
		{E50A4BF8-6456-4975-ACB6-AA2DE7335D84}.Release|x64.ActiveCfg = Release|x64
		{E50A4BF8-6456-4975-ACB6-AA2DE7335D84}.Release|x64.Build.0 = Release|x64
		{E50A4BF8-6456-4975-ACB6-AA2DE7335D84}.ReleaseCuda|x64.ActiveCfg = Release|x64
		{E50A4BF8-6456-4975-ACB6-AA2DE7335D84}.ReleaseCuda|x64.Build.0 = Release|x64
	EndGlobalSection
	GlobalSection(SolutionProperties) = preSolution
		HideSolutionNode = FALSE
	EndGlobalSection
	GlobalSection(NestedProjects) = preSolution
		{D5738559-A252-4307-BF8F-9F44E106E922} = {50BACD35-3468-4940-BFAE-5D8ECDEFA7B7}
		{AD31191E-887B-4A13-8960-7DCFEFCADC39} = {AAED3A2E-092C-4F55-84D2-9389696D5156}
		{94B4963D-A20D-4251-B0EB-6D2320E08600} = {AAED3A2E-092C-4F55-84D2-9389696D5156}
		{3AC3C7C4-FCDB-41F5-88D6-72C5626F6DB4} = {AAED3A2E-092C-4F55-84D2-9389696D5156}
		{A88A7E71-99FE-429C-B8A9-8B86C4F93A6C} = {AAED3A2E-092C-4F55-84D2-9389696D5156}
		{E50A4BF8-6456-4975-ACB6-AA2DE7335D84} = {AAED3A2E-092C-4F55-84D2-9389696D5156}
	EndGlobalSection
	GlobalSection(ExtensibilityGlobals) = postSolution
		SolutionGuid = {D550D001-90EB-4AA5-B155-8644473D3487}
	EndGlobalSection
EndGlobal
