<?xml version="1.0" encoding="utf-8"?>
<Project ToolsVersion="4.0" xmlns="http://schemas.microsoft.com/developer/msbuild/2003">
  <ItemGroup>
    <Filter Include="源文件">
      <UniqueIdentifier>{4FC737F1-C7A5-4376-A066-2A32D752A2FF}</UniqueIdentifier>
      <Extensions>cpp;c;cc;cxx;c++;cppm;ixx;def;odl;idl;hpj;bat;asm;asmx</Extensions>
    </Filter>
    <Filter Include="头文件">
      <UniqueIdentifier>{93995380-89BD-4b04-88EB-625FBE52EBFB}</UniqueIdentifier>
      <Extensions>h;hh;hpp;hxx;h++;hm;inl;inc;ipp;xsd</Extensions>
    </Filter>
    <Filter Include="资源文件">
      <UniqueIdentifier>{67DA6AB6-F800-4c08-8B7A-83BB121AAD01}</UniqueIdentifier>
      <Extensions>rc;ico;cur;bmp;dlg;rc2;rct;bin;rgs;gif;jpg;jpeg;jpe;resx;tiff;tif;png;wav;mfcribbon-ms</Extensions>
    </Filter>
  </ItemGroup>
  <ItemGroup>
    <ClInclude Include="source\core\CudaContext.h">
      <Filter>头文件</Filter>
    </ClInclude>
    <ClInclude Include="source\CudaModulePCH.h">
      <Filter>头文件</Filter>
    </ClInclude>
    <ClInclude Include="source\CudaModule.h">
      <Filter>头文件</Filter>
    </ClInclude>
    <ClInclude Include="source\core\CudaUtility.h">
      <Filter>头文件</Filter>
    </ClInclude>
    <ClInclude Include="source\cu\Julia.h">
      <Filter>头文件</Filter>
    </ClInclude>
    <ClInclude Include="source\utility\GLHelper.h">
      <Filter>头文件</Filter>
    </ClInclude>
    <ClInclude Include="source\utility\CpuBitmap.h">
      <Filter>头文件</Filter>
    </ClInclude>
    <ClInclude Include="source\GraphicInterop\CudaTexture.h">
      <Filter>头文件</Filter>
    </ClInclude>
    <ClInclude Include="source\GraphicInterop\CudaSurface.h">
      <Filter>头文件</Filter>
    </ClInclude>
    <ClInclude Include="source\GraphicInterop\TextureInterface.h">
      <Filter>头文件</Filter>
    </ClInclude>
    <ClInclude Include="source\RayTracer\RayTracerInterface.h">
      <Filter>头文件</Filter>
    </ClInclude>
    <ClInclude Include="source\RayTracer\RayTracer.h">
      <Filter>头文件</Filter>
    </ClInclude>
    <ClInclude Include="source\RayTracer\Core\Primitive.h">
      <Filter>头文件</Filter>
    </ClInclude>
    <ClInclude Include="source\RayTracer\Core\Ray.h">
      <Filter>头文件</Filter>
    </ClInclude>
    <ClInclude Include="source\RayTracer\Core\Material.h">
      <Filter>头文件</Filter>
    </ClInclude>
    <ClInclude Include="source\RayTracer\Primitives\Sphere.h">
      <Filter>头文件</Filter>
    </ClInclude>
  </ItemGroup>
  <ItemGroup>
    <ClCompile Include="source\core\CudaContext.cpp">
      <Filter>源文件</Filter>
    </ClCompile>
    <ClCompile Include="source\core\CudaModulePCH.cpp">
      <Filter>源文件</Filter>
    </ClCompile>
    <ClCompile Include="source\GraphicInterop\TextureInterface.cpp">
      <Filter>源文件</Filter>
    </ClCompile>
    <ClCompile Include="source\RayTracer\RayTracerInterface.cpp">
      <Filter>源文件</Filter>
    </ClCompile>
    <ClCompile Include="source\RayTracer\Primitives\Sphere.cpp">
      <Filter>源文件</Filter>
    </ClCompile>
  </ItemGroup>
  <ItemGroup>
    <CudaCompile Include="source\cu\Julia.cu">
      <Filter>头文件</Filter>
    </CudaCompile>
    <CudaCompile Include="source\GraphicInterop\CudaTexture.cu" />
    <CudaCompile Include="source\GraphicInterop\CudaSurface.cu" />
    <CudaCompile Include="source\RayTracer\RayTracer.cu">
      <Filter>源文件</Filter>
    </CudaCompile>
  </ItemGroup>
</Project>