<?xml version="1.0" encoding="utf-8"?>
<Project ToolsVersion="4.0" xmlns="http://schemas.microsoft.com/developer/msbuild/2003">
  <ItemGroup>
    <Filter Include="源文件">
      <UniqueIdentifier>{4FC737F1-C7A5-4376-A066-2A32D752A2FF}</UniqueIdentifier>
      <Extensions>cpp;c;cc;cxx;c++;cppm;ixx;def;odl;idl;hpj;bat;asm;asmx</Extensions>
    </Filter>
    <Filter Include="头文件">
      <UniqueIdentifier>{93995380-89BD-4b04-88EB-625FBE52EBFB}</UniqueIdentifier>
      <Extensions>h;hh;hpp;hxx;h++;hm;inl;inc;ipp;xsd</Extensions>
    </Filter>
    <Filter Include="资源文件">
      <UniqueIdentifier>{67DA6AB6-F800-4c08-8B7A-83BB121AAD01}</UniqueIdentifier>
      <Extensions>rc;ico;cur;bmp;dlg;rc2;rct;bin;rgs;gif;jpg;jpeg;jpe;resx;tiff;tif;png;wav;mfcribbon-ms</Extensions>
    </Filter>
  </ItemGroup>
  <ItemGroup>
    <ClCompile Include="Public\GFXLayer\GFXLayer.ixx">
      <Filter>源文件</Filter>
    </ClCompile>
    <ClCompile Include="Private\GFXLayer\GFXLayer.cpp">
      <Filter>源文件</Filter>
    </ClCompile>
    <ClCompile Include="Public\Scene\Scene.ixx">
      <Filter>源文件</Filter>
    </ClCompile>
    <ClCompile Include="Public\Scene\SceneTree.ixx">
      <Filter>源文件</Filter>
    </ClCompile>
    <ClCompile Include="Private\Scene\Scene.cpp">
      <Filter>源文件</Filter>
    </ClCompile>
    <ClCompile Include="Private\Scene\SceneTree.cpp">
      <Filter>源文件</Filter>
    </ClCompile>
    <ClCompile Include="Public\Components\Mesh.ixx">
      <Filter>源文件</Filter>
    </ClCompile>
    <ClCompile Include="Public\Pipeline\PostProcessing\AcesBloom.ixx">
      <Filter>源文件</Filter>
    </ClCompile>
    <ClCompile Include="Public\Components\Transform.ixx">
      <Filter>源文件</Filter>
    </ClCompile>
    <ClCompile Include="Public\Components\Camera.ixx">
      <Filter>源文件</Filter>
    </ClCompile>
    <ClCompile Include="Public\Scene\Serializer.ixx">
      <Filter>源文件</Filter>
    </ClCompile>
    <ClCompile Include="Public\Components\Renderer.ixx">
      <Filter>源文件</Filter>
    </ClCompile>
    <ClCompile Include="Public\Components\ParticleSystem.ixx">
      <Filter>源文件</Filter>
    </ClCompile>
    <ClCompile Include="Public\NoneComponents\Material.ixx">
      <Filter>源文件</Filter>
    </ClCompile>
    <ClCompile Include="Public\NoneComponents\Texture.ixx">
      <Filter>源文件</Filter>
    </ClCompile>
    <ClCompile Include="Public\Pipeline\Compute\HiZAgency.ixx">
      <Filter>源文件</Filter>
    </ClCompile>
    <ClCompile Include="Public\Components\BoundingBox.ixx">
      <Filter>源文件</Filter>
    </ClCompile>
  </ItemGroup>
</Project>