<?xml version="1.0" encoding="utf-8"?>
<Project ToolsVersion="4.0" xmlns="http://schemas.microsoft.com/developer/msbuild/2003">
  <ItemGroup>
    <Filter Include="源文件">
      <UniqueIdentifier>{4FC737F1-C7A5-4376-A066-2A32D752A2FF}</UniqueIdentifier>
      <Extensions>cpp;c;cc;cxx;c++;cppm;ixx;def;odl;idl;hpj;bat;asm;asmx</Extensions>
    </Filter>
    <Filter Include="头文件">
      <UniqueIdentifier>{93995380-89BD-4b04-88EB-625FBE52EBFB}</UniqueIdentifier>
      <Extensions>h;hh;hpp;hxx;h++;hm;inl;inc;ipp;xsd</Extensions>
    </Filter>
    <Filter Include="资源文件">
      <UniqueIdentifier>{67DA6AB6-F800-4c08-8B7A-83BB121AAD01}</UniqueIdentifier>
      <Extensions>rc;ico;cur;bmp;dlg;rc2;rct;bin;rgs;gif;jpg;jpeg;jpe;resx;tiff;tif;png;wav;mfcribbon-ms</Extensions>
    </Filter>
  </ItemGroup>
  <ItemGroup>
    <ClCompile Include="Public\Device\IGraphicContext.ixx">
      <Filter>源文件</Filter>
    </ClCompile>
    <ClCompile Include="Private\Vendors\Vulkan\Device\IGraphicContextVK.cpp">
      <Filter>源文件</Filter>
    </ClCompile>
    <ClCompile Include="Private\Vendors\Vulkan\Device\IGraphicContextVK.ixx">
      <Filter>源文件</Filter>
    </ClCompile>
    <ClCompile Include="Public\Device\IPhysicalDevice.ixx">
      <Filter>源文件</Filter>
    </ClCompile>
    <ClCompile Include="Private\Vendors\Vulkan\Device\IPhysicalDeviceVK.ixx">
      <Filter>源文件</Filter>
    </ClCompile>
    <ClCompile Include="Private\Vendors\Vulkan\Device\IPhysicalDeviceVK.cpp">
      <Filter>源文件</Filter>
    </ClCompile>
    <ClCompile Include="Public\Device\ILogicalDevice.ixx">
      <Filter>源文件</Filter>
    </ClCompile>
    <ClCompile Include="Private\Vendors\Vulkan\Device\ILogicalDeviceVK.ixx">
      <Filter>源文件</Filter>
    </ClCompile>
    <ClCompile Include="Private\Vendors\Vulkan\Device\ILogicalDeviceVK.cpp">
      <Filter>源文件</Filter>
    </ClCompile>
    <ClCompile Include="Public\Resource\ISwapChain.ixx">
      <Filter>源文件</Filter>
    </ClCompile>
    <ClCompile Include="Public\Resource\IResource.ixx">
      <Filter>源文件</Filter>
    </ClCompile>
    <ClCompile Include="Public\Resource\IBuffer.ixx">
      <Filter>源文件</Filter>
    </ClCompile>
    <ClCompile Include="Private\Vendors\Vulkan\Resource\ISwapChainVK.ixx">
      <Filter>源文件</Filter>
    </ClCompile>
    <ClCompile Include="Private\Vendors\Vulkan\Resource\ISwapChainVK.cpp">
      <Filter>源文件</Filter>
    </ClCompile>
    <ClCompile Include="Private\Vendors\DX12\Device\IPhysicalDeviceDX12.cpp">
      <Filter>源文件</Filter>
    </ClCompile>
    <ClCompile Include="Private\Vendors\DX12\Device\IPhysicalDeviceDX12.ixx">
      <Filter>源文件</Filter>
    </ClCompile>
    <ClCompile Include="Private\Vendors\DX12\Device\ILogicalDeviceDX12.ixx">
      <Filter>源文件</Filter>
    </ClCompile>
    <ClCompile Include="Private\Vendors\DX12\Device\ILogicalDeviceDX12.cpp">
      <Filter>源文件</Filter>
    </ClCompile>
    <ClCompile Include="Private\Vendors\DX12\Device\IGraphicContextDX12.ixx">
      <Filter>源文件</Filter>
    </ClCompile>
    <ClCompile Include="Private\Vendors\DX12\Device\IGraphicContextDX12.cpp">
      <Filter>源文件</Filter>
    </ClCompile>
    <ClCompile Include="Public\Resource\ITexture.ixx">
      <Filter>源文件</Filter>
    </ClCompile>
    <ClCompile Include="Public\Command\ISemaphore.ixx">
      <Filter>源文件</Filter>
    </ClCompile>
    <ClCompile Include="Public\Resource\IBarrier.ixx">
      <Filter>源文件</Filter>
    </ClCompile>
    <ClCompile Include="Public\Command\IQueue.ixx">
      <Filter>源文件</Filter>
    </ClCompile>
    <ClCompile Include="Public\Command\ICommandPool.ixx">
      <Filter>源文件</Filter>
    </ClCompile>
    <ClCompile Include="Private\Vendors\OpenGL\Device\IGraphicContextGL.ixx">
      <Filter>源文件</Filter>
    </ClCompile>
    <ClCompile Include="Public\Resource\IWindowSurface.ixx">
      <Filter>源文件</Filter>
    </ClCompile>
    <ClCompile Include="Public\Resource\IFramebuffer.ixx">
      <Filter>源文件</Filter>
    </ClCompile>
    <ClCompile Include="Public\Pass\IShaderBinding.ixx">
      <Filter>源文件</Filter>
    </ClCompile>
    <ClCompile Include="Public\Pass\IPipeline.ixx">
      <Filter>源文件</Filter>
    </ClCompile>
    <ClCompile Include="Public\Command\ICommandBuffer.ixx">
      <Filter>源文件</Filter>
    </ClCompile>
    <ClCompile Include="Public\Command\ICommandList.ixx">
      <Filter>源文件</Filter>
    </ClCompile>
    <ClCompile Include="Public\Command\IFence.ixx">
      <Filter>源文件</Filter>
    </ClCompile>
    <ClCompile Include="Private\Vendors\Vulkan\Resource\ITextureVK.ixx">
      <Filter>源文件</Filter>
    </ClCompile>
    <ClCompile Include="Private\Vendors\Vulkan\Resource\ITextureVK.cpp">
      <Filter>源文件</Filter>
    </ClCompile>
    <ClCompile Include="Private\Vendors\Vulkan\Resource\IResourceVK.ixx">
      <Filter>源文件</Filter>
    </ClCompile>
    <ClCompile Include="Private\Vendors\Vulkan\Resource\IResourceVK.cpp">
      <Filter>源文件</Filter>
    </ClCompile>
    <ClCompile Include="Private\Slang\IGlobalSession.cpp">
      <Filter>源文件</Filter>
    </ClCompile>
    <ClCompile Include="Public\Shader\IGlobalSession.ixx">
      <Filter>源文件</Filter>
    </ClCompile>
    <ClCompile Include="Public\Shader\ICompileSession.ixx">
      <Filter>源文件</Filter>
    </ClCompile>
    <ClCompile Include="Private\Slang\ICompileSession.cpp">
      <Filter>源文件</Filter>
    </ClCompile>
    <ClCompile Include="Private\Slang\SlangUtility.ixx">
      <Filter>源文件</Filter>
    </ClCompile>
    <ClCompile Include="Public\Shader\IShader.ixx">
      <Filter>源文件</Filter>
    </ClCompile>
    <ClCompile Include="Private\Vendors\Vulkan\Shader\IShaderVK.cpp">
      <Filter>源文件</Filter>
    </ClCompile>
    <ClCompile Include="Private\Vendors\Vulkan\Shader\IShaderVK.ixx">
      <Filter>源文件</Filter>
    </ClCompile>
    <ClCompile Include="Public\Pass\IPipelineLayout.ixx">
      <Filter>源文件</Filter>
    </ClCompile>
    <ClCompile Include="Private\Vendors\Vulkan\Pass\IPipelineLayoutVK.cpp">
      <Filter>源文件</Filter>
    </ClCompile>
    <ClCompile Include="Private\Vendors\Vulkan\Pass\IPipelineLayoutVK.ixx">
      <Filter>源文件</Filter>
    </ClCompile>
    <ClCompile Include="Public\Pass\IRenderPass.ixx">
      <Filter>源文件</Filter>
    </ClCompile>
    <ClCompile Include="Private\Vendors\Vulkan\Pass\IRenderPassVK.ixx">
      <Filter>源文件</Filter>
    </ClCompile>
    <ClCompile Include="Private\Vendors\Vulkan\Pass\IRenderPassVK.cpp">
      <Filter>源文件</Filter>
    </ClCompile>
    <ClCompile Include="Private\Vendors\Vulkan\Pass\IPipelineVK.ixx">
      <Filter>源文件</Filter>
    </ClCompile>
    <ClCompile Include="Private\Vendors\Vulkan\Pass\IPipelineVK.cpp">
      <Filter>源文件</Filter>
    </ClCompile>
    <ClCompile Include="Public\Pass\IFixedFunctions.ixx">
      <Filter>源文件</Filter>
    </ClCompile>
    <ClCompile Include="Public\Resource\IEnum.ixx">
      <Filter>源文件</Filter>
    </ClCompile>
    <ClCompile Include="Private\Common\IEnum.cpp">
      <Filter>源文件</Filter>
    </ClCompile>
    <ClCompile Include="Private\Vendors\Vulkan\Pass\IFixedFunctionsVK.ixx">
      <Filter>源文件</Filter>
    </ClCompile>
    <ClCompile Include="Private\Vendors\Vulkan\Pass\IFixedFunctionsVK.cpp">
      <Filter>源文件</Filter>
    </ClCompile>
    <ClCompile Include="Private\Vendors\Vulkan\Resource\IEnumVK.ixx">
      <Filter>源文件</Filter>
    </ClCompile>
    <ClCompile Include="Private\Vendors\Vulkan\Resource\IEnumVK.cpp">
      <Filter>源文件</Filter>
    </ClCompile>
    <ClCompile Include="Private\Common\IFixedFunctions.cpp">
      <Filter>源文件</Filter>
    </ClCompile>
    <ClCompile Include="Private\Vendors\Vulkan\Resource\IFrameBufferVK.ixx">
      <Filter>源文件</Filter>
    </ClCompile>
    <ClCompile Include="Private\Vendors\Vulkan\Resource\IFrameBufferVK.cpp">
      <Filter>源文件</Filter>
    </ClCompile>
    <ClCompile Include="Private\Vendors\Vulkan\Command\ICommandPoolVK.ixx">
      <Filter>源文件</Filter>
    </ClCompile>
    <ClCompile Include="Private\Vendors\Vulkan\Command\ICommandPoolVK.cpp">
      <Filter>源文件</Filter>
    </ClCompile>
    <ClCompile Include="Private\Vendors\Vulkan\Command\ICommandBufferVK.ixx">
      <Filter>源文件</Filter>
    </ClCompile>
    <ClCompile Include="Private\Vendors\Vulkan\Command\ICommandBufferVK.cpp">
      <Filter>源文件</Filter>
    </ClCompile>
    <ClCompile Include="Public\Factory\IFactory.ixx">
      <Filter>源文件</Filter>
    </ClCompile>
    <ClCompile Include="Private\Common\IFactory.cpp">
      <Filter>源文件</Filter>
    </ClCompile>
    <ClCompile Include="Private\Vendors\Vulkan\Command\ISemaphoreVK.ixx">
      <Filter>源文件</Filter>
    </ClCompile>
    <ClCompile Include="Private\Vendors\Vulkan\Command\ISemaphoreVK.cpp">
      <Filter>源文件</Filter>
    </ClCompile>
    <ClCompile Include="Public\Resource\ITextureView.ixx">
      <Filter>源文件</Filter>
    </ClCompile>
    <ClCompile Include="Private\Vendors\Vulkan\Resource\ITextureViewVK.ixx">
      <Filter>源文件</Filter>
    </ClCompile>
    <ClCompile Include="Private\Vendors\Vulkan\Resource\ITextureViewVK.cpp">
      <Filter>源文件</Filter>
    </ClCompile>
    <ClCompile Include="Private\Vendors\Vulkan\Command\IFenceVK.ixx">
      <Filter>源文件</Filter>
    </ClCompile>
    <ClCompile Include="Private\Vendors\Vulkan\Command\IFenceVK.cpp">
      <Filter>源文件</Filter>
    </ClCompile>
    <ClCompile Include="Private\Common\Resource\IBuffer.cpp">
      <Filter>源文件</Filter>
    </ClCompile>
    <ClCompile Include="Public\Resource\IVertexBuffer.ixx">
      <Filter>源文件</Filter>
    </ClCompile>
    <ClCompile Include="Private\Vendors\Vulkan\Resource\IVertexBufferVK.ixx">
      <Filter>源文件</Filter>
    </ClCompile>
    <ClCompile Include="Private\Vendors\Vulkan\Resource\IVertexBufferVK.cpp">
      <Filter>源文件</Filter>
    </ClCompile>
  </ItemGroup>
  <ItemGroup>
    <ClInclude Include="Private\Vendors\DX12\WindowsPlatform.h">
      <Filter>头文件</Filter>
    </ClInclude>
    <ClInclude Include="Private\Vendors\DX12\WindowsPlatform.h">
      <Filter>头文件</Filter>
    </ClInclude>
  </ItemGroup>
</Project>