<?xml version="1.0" encoding="utf-8"?>
<Project ToolsVersion="4.0" xmlns="http://schemas.microsoft.com/developer/msbuild/2003">
  <ItemGroup>
    <Filter Include="源文件">
      <UniqueIdentifier>{4FC737F1-C7A5-4376-A066-2A32D752A2FF}</UniqueIdentifier>
      <Extensions>cpp;c;cc;cxx;c++;cppm;ixx;def;odl;idl;hpj;bat;asm;asmx</Extensions>
    </Filter>
    <Filter Include="头文件">
      <UniqueIdentifier>{93995380-89BD-4b04-88EB-625FBE52EBFB}</UniqueIdentifier>
      <Extensions>h;hh;hpp;hxx;h++;hm;inl;inc;ipp;xsd</Extensions>
    </Filter>
    <Filter Include="资源文件">
      <UniqueIdentifier>{67DA6AB6-F800-4c08-8B7A-83BB121AAD01}</UniqueIdentifier>
      <Extensions>rc;ico;cur;bmp;dlg;rc2;rct;bin;rgs;gif;jpg;jpeg;jpe;resx;tiff;tif;png;wav;mfcribbon-ms</Extensions>
    </Filter>
  </ItemGroup>
  <ItemGroup>
    <ClCompile Include="Public\Core.ixx">
      <Filter>源文件</Filter>
    </ClCompile>
    <ClCompile Include="Public\Log.ixx">
      <Filter>源文件</Filter>
    </ClCompile>
    <ClCompile Include="Private\Log.cpp">
      <Filter>源文件</Filter>
    </ClCompile>
    <ClCompile Include="Public\Assert.ixx">
      <Filter>源文件</Filter>
    </ClCompile>
    <ClCompile Include="Private\Test.cpp">
      <Filter>源文件</Filter>
    </ClCompile>
    <ClCompile Include="Public\Test.ixx">
      <Filter>源文件</Filter>
    </ClCompile>
    <ClCompile Include="Public\Application.ixx">
      <Filter>源文件</Filter>
    </ClCompile>
    <ClCompile Include="Private\Application.cpp">
      <Filter>源文件</Filter>
    </ClCompile>
    <ClCompile Include="Public\Layer.ixx">
      <Filter>源文件</Filter>
    </ClCompile>
    <ClCompile Include="Public\Event.ixx">
      <Filter>源文件</Filter>
    </ClCompile>
    <ClCompile Include="Public\Window.ixx">
      <Filter>源文件</Filter>
    </ClCompile>
    <ClCompile Include="Public\Enums.ixx">
      <Filter>源文件</Filter>
    </ClCompile>
    <ClCompile Include="Private\Vendors\GLFW\IWindowGLFW.cpp">
      <Filter>源文件</Filter>
    </ClCompile>
    <ClCompile Include="Public\Input.ixx">
      <Filter>源文件</Filter>
    </ClCompile>
    <ClCompile Include="Private\Vendors\GLFW\IInputGLFW.cpp">
      <Filter>源文件</Filter>
    </ClCompile>
    <ClCompile Include="Private\Window.cpp">
      <Filter>源文件</Filter>
    </ClCompile>
    <ClCompile Include="Private\Vendors\GLFW\IWindowGLFW.ixx">
      <Filter>源文件</Filter>
    </ClCompile>
    <ClCompile Include="Private\Vendors\GLFW\IInputGLFW.ixx">
      <Filter>源文件</Filter>
    </ClCompile>
    <ClCompile Include="Private\Vendors\Windows\IWindowWIN.ixx">
      <Filter>源文件</Filter>
    </ClCompile>
    <ClCompile Include="Private\Vendors\Windows\IWindowWIN.cpp">
      <Filter>源文件</Filter>
    </ClCompile>
    <ClCompile Include="Public\SObject.ixx">
      <Filter>源文件</Filter>
    </ClCompile>
    <ClCompile Include="Public\SPointer.ixx">
      <Filter>源文件</Filter>
    </ClCompile>
    <ClCompile Include="Public\LayerStack.ixx">
      <Filter>源文件</Filter>
    </ClCompile>
    <ClCompile Include="Private\LayerStack.cpp">
      <Filter>源文件</Filter>
    </ClCompile>
    <ClCompile Include="Private\Layer.cpp">
      <Filter>源文件</Filter>
    </ClCompile>
    <ClCompile Include="Public\Allocator.ixx">
      <Filter>源文件</Filter>
    </ClCompile>
    <ClCompile Include="Private\Allocator.cpp">
      <Filter>源文件</Filter>
    </ClCompile>
    <ClCompile Include="Public\Memory.ixx">
      <Filter>源文件</Filter>
    </ClCompile>
    <ClCompile Include="Private\Memory.cpp">
      <Filter>源文件</Filter>
    </ClCompile>
    <ClCompile Include="Public\File.ixx">
      <Filter>源文件</Filter>
    </ClCompile>
    <ClCompile Include="Private\File.cpp">
      <Filter>源文件</Filter>
    </ClCompile>
    <ClCompile Include="Public\Buffer.ixx">
      <Filter>源文件</Filter>
    </ClCompile>
    <ClCompile Include="Private\Buffer.cpp">
      <Filter>源文件</Filter>
    </ClCompile>
    <ClCompile Include="Public\Time.ixx">
      <Filter>源文件</Filter>
    </ClCompile>
    <ClCompile Include="Private\Time.cpp">
      <Filter>源文件</Filter>
    </ClCompile>
    <ClCompile Include="Public\Image.ixx">
      <Filter>源文件</Filter>
    </ClCompile>
    <ClCompile Include="Private\Image.cpp">
      <Filter>源文件</Filter>
    </ClCompile>
    <ClCompile Include="Public\Color.ixx">
      <Filter>源文件</Filter>
    </ClCompile>
    <ClCompile Include="Public\Cache.ixx">
      <Filter>源文件</Filter>
    </ClCompile>
    <ClCompile Include="Private\Cache.cpp">
      <Filter>源文件</Filter>
    </ClCompile>
    <ClCompile Include="Public\Hash.ixx">
      <Filter>源文件</Filter>
    </ClCompile>
    <ClCompile Include="Private\Hash.cpp">
      <Filter>源文件</Filter>
    </ClCompile>
    <ClCompile Include="Public\BitFlag.ixx">
      <Filter>源文件</Filter>
    </ClCompile>
    <ClCompile Include="Public\LinearAlgebra.ixx">
      <Filter>源文件</Filter>
    </ClCompile>
    <ClCompile Include="Private\Vendors\GLFW\IWindowGLFWWin.ixx">
      <Filter>源文件</Filter>
    </ClCompile>
    <ClCompile Include="Private\Vendors\GLFW\IWindowGLFWWin.cpp">
      <Filter>源文件</Filter>
    </ClCompile>
    <ClCompile Include="Public\Profiler.ixx">
      <Filter>源文件</Filter>
    </ClCompile>
  </ItemGroup>
  <ItemGroup>
    <ClInclude Include="Public\EntryPoint.h">
      <Filter>头文件</Filter>
    </ClInclude>
    <ClInclude Include="Public\Macros.h">
      <Filter>头文件</Filter>
    </ClInclude>
  </ItemGroup>
</Project>