<?xml version="1.0" encoding="utf-8"?>
<Project ToolsVersion="4.0" xmlns="http://schemas.microsoft.com/developer/msbuild/2003">
  <ItemGroup>
    <Filter Include="源文件">
      <UniqueIdentifier>{4FC737F1-C7A5-4376-A066-2A32D752A2FF}</UniqueIdentifier>
      <Extensions>cpp;c;cc;cxx;c++;cppm;ixx;def;odl;idl;hpj;bat;asm;asmx</Extensions>
    </Filter>
    <Filter Include="头文件">
      <UniqueIdentifier>{93995380-89BD-4b04-88EB-625FBE52EBFB}</UniqueIdentifier>
      <Extensions>h;hh;hpp;hxx;h++;hm;inl;inc;ipp;xsd</Extensions>
    </Filter>
    <Filter Include="资源文件">
      <UniqueIdentifier>{67DA6AB6-F800-4c08-8B7A-83BB121AAD01}</UniqueIdentifier>
      <Extensions>rc;ico;cur;bmp;dlg;rc2;rct;bin;rgs;gif;jpg;jpeg;jpe;resx;tiff;tif;png;wav;mfcribbon-ms</Extensions>
    </Filter>
  </ItemGroup>
  <ItemGroup>
    <ClCompile Include="source\Sibyl\Core\Application.cpp">
      <Filter>源文件</Filter>
    </ClCompile>
    <ClCompile Include="source\Sibyl\Core\Log.cpp">
      <Filter>源文件</Filter>
    </ClCompile>
    <ClCompile Include="source\SIByLpch.cpp">
      <Filter>源文件</Filter>
    </ClCompile>
    <ClCompile Include="source\Sibyl\Core\Window.cpp">
      <Filter>源文件</Filter>
    </ClCompile>
    <ClCompile Include="source\Platform\OpenGL\GLFWWindow.cpp">
      <Filter>源文件</Filter>
    </ClCompile>
    <ClCompile Include="source\Platform\Windows\WindowsWindow.cpp">
      <Filter>源文件</Filter>
    </ClCompile>
    <ClCompile Include="source\Sibyl\Core\Layer.cpp">
      <Filter>源文件</Filter>
    </ClCompile>
    <ClCompile Include="source\Sibyl\Core\LayerStack.cpp">
      <Filter>源文件</Filter>
    </ClCompile>
    <ClCompile Include="vendor\glad\src\glad.cpp">
      <Filter>源文件</Filter>
    </ClCompile>
    <ClCompile Include="source\Sibyl\ImGui\ImGuiLayer.cpp">
      <Filter>源文件</Filter>
    </ClCompile>
    <ClCompile Include="source\Platform\OpenGL\ImGuiOpenGLRenderer.cpp">
      <Filter>源文件</Filter>
    </ClCompile>
    <ClCompile Include="vendor\imgui\imgui.cpp">
      <Filter>源文件</Filter>
    </ClCompile>
    <ClCompile Include="vendor\imgui\imgui_demo.cpp">
      <Filter>源文件</Filter>
    </ClCompile>
    <ClCompile Include="vendor\imgui\imgui_draw.cpp">
      <Filter>源文件</Filter>
    </ClCompile>
    <ClCompile Include="vendor\imgui\imgui_tables.cpp">
      <Filter>源文件</Filter>
    </ClCompile>
    <ClCompile Include="vendor\imgui\imgui_widgets.cpp">
      <Filter>源文件</Filter>
    </ClCompile>
    <ClCompile Include="source\Platform\DirectX12\DX12Environment.cpp">
      <Filter>源文件</Filter>
    </ClCompile>
    <ClCompile Include="source\Platform\DirectX12\DX12Utility.cpp">
      <Filter>源文件</Filter>
    </ClCompile>
    <ClCompile Include="source\Platform\DirectX12\ImGuiDX12Renderer.cpp">
      <Filter>源文件</Filter>
    </ClCompile>
    <ClCompile Include="source\Platform\Windows\ImGuiWin32Renderer.cpp">
      <Filter>源文件</Filter>
    </ClCompile>
    <ClCompile Include="source\Platform\OpenGL\ImGuiLayerOpenGL.cpp">
      <Filter>源文件</Filter>
    </ClCompile>
    <ClCompile Include="source\Platform\DirectX12\ImGuiLayerDX12.cpp">
      <Filter>源文件</Filter>
    </ClCompile>
  </ItemGroup>
  <ItemGroup>
    <ClInclude Include="source\Sibyl\Core\Core.h">
      <Filter>头文件</Filter>
    </ClInclude>
    <ClInclude Include="source\Sibyl\Core\Application.h">
      <Filter>头文件</Filter>
    </ClInclude>
    <ClInclude Include="source\SIByL.h">
      <Filter>头文件</Filter>
    </ClInclude>
    <ClInclude Include="source\Sibyl\Core\EntryPoint.h">
      <Filter>头文件</Filter>
    </ClInclude>
    <ClInclude Include="source\Sibyl\Core\Log.h">
      <Filter>头文件</Filter>
    </ClInclude>
    <ClInclude Include="source\Sibyl\Events\Event.h">
      <Filter>头文件</Filter>
    </ClInclude>
    <ClInclude Include="source\Sibyl\Events\ApplicationEvent.h">
      <Filter>头文件</Filter>
    </ClInclude>
    <ClInclude Include="source\Sibyl\Events\KeyEvent.h">
      <Filter>头文件</Filter>
    </ClInclude>
    <ClInclude Include="source\Sibyl\Events\MouseEvent.h">
      <Filter>头文件</Filter>
    </ClInclude>
    <ClInclude Include="source\SIByLpch.h">
      <Filter>头文件</Filter>
    </ClInclude>
    <ClInclude Include="source\Sibyl\Core\Window.h">
      <Filter>头文件</Filter>
    </ClInclude>
    <ClInclude Include="source\Platform\OpenGL\GLFWWindow.h">
      <Filter>头文件</Filter>
    </ClInclude>
    <ClInclude Include="source\Platform\Windows\WindowsWindow.h">
      <Filter>头文件</Filter>
    </ClInclude>
    <ClInclude Include="source\Sibyl\Core\Layer.h">
      <Filter>头文件</Filter>
    </ClInclude>
    <ClInclude Include="source\Sibyl\Core\LayerStack.h">
      <Filter>头文件</Filter>
    </ClInclude>
    <ClInclude Include="vendor\glad\include\glad\glad.h">
      <Filter>头文件</Filter>
    </ClInclude>
    <ClInclude Include="vendor\glad\include\KHR\khrplatform.h">
      <Filter>头文件</Filter>
    </ClInclude>
    <ClInclude Include="source\Sibyl\ImGui\ImGuiLayer.h">
      <Filter>头文件</Filter>
    </ClInclude>
    <ClInclude Include="source\Platform\OpenGL\ImGuiOpenGLRenderer.h">
      <Filter>头文件</Filter>
    </ClInclude>
    <ClInclude Include="vendor\imgui\imconfig.h">
      <Filter>头文件</Filter>
    </ClInclude>
    <ClInclude Include="vendor\imgui\imgui.h">
      <Filter>头文件</Filter>
    </ClInclude>
    <ClInclude Include="vendor\imgui\imgui_internal.h">
      <Filter>头文件</Filter>
    </ClInclude>
    <ClInclude Include="vendor\imgui\imstb_rectpack.h">
      <Filter>头文件</Filter>
    </ClInclude>
    <ClInclude Include="vendor\imgui\imstb_textedit.h">
      <Filter>头文件</Filter>
    </ClInclude>
    <ClInclude Include="vendor\imgui\imstb_truetype.h">
      <Filter>头文件</Filter>
    </ClInclude>
    <ClInclude Include="source\SIByLsettings.h">
      <Filter>头文件</Filter>
    </ClInclude>
    <ClInclude Include="source\Platform\DirectX12\DX12Environment.h">
      <Filter>头文件</Filter>
    </ClInclude>
    <ClInclude Include="source\Platform\DirectX12\DX12Utility.h">
      <Filter>头文件</Filter>
    </ClInclude>
    <ClInclude Include="source\Platform\DirectX12\ImGuiDX12Renderer.h">
      <Filter>头文件</Filter>
    </ClInclude>
    <ClInclude Include="source\Platform\Windows\ImGuiWin32Renderer.h">
      <Filter>头文件</Filter>
    </ClInclude>
    <ClInclude Include="source\Platform\OpenGL\ImGuiLayerOpenGL.h">
      <Filter>头文件</Filter>
    </ClInclude>
    <ClInclude Include="source\Platform\DirectX12\ImGuiLayerDX12.h">
      <Filter>头文件</Filter>
    </ClInclude>
    <ClInclude Include="source\Sibyl\Core\Input.h">
      <Filter>头文件</Filter>
    </ClInclude>
  </ItemGroup>
</Project>