<?xml version="1.0" encoding="utf-8"?>
<Project ToolsVersion="4.0" xmlns="http://schemas.microsoft.com/developer/msbuild/2003">
  <ItemGroup>
    <Filter Include="源文件">
      <UniqueIdentifier>{4FC737F1-C7A5-4376-A066-2A32D752A2FF}</UniqueIdentifier>
      <Extensions>cpp;c;cc;cxx;c++;cppm;ixx;def;odl;idl;hpj;bat;asm;asmx</Extensions>
    </Filter>
    <Filter Include="头文件">
      <UniqueIdentifier>{93995380-89BD-4b04-88EB-625FBE52EBFB}</UniqueIdentifier>
      <Extensions>h;hh;hpp;hxx;h++;hm;inl;inc;ipp;xsd</Extensions>
    </Filter>
    <Filter Include="资源文件">
      <UniqueIdentifier>{67DA6AB6-F800-4c08-8B7A-83BB121AAD01}</UniqueIdentifier>
      <Extensions>rc;ico;cur;bmp;dlg;rc2;rct;bin;rgs;gif;jpg;jpeg;jpe;resx;tiff;tif;png;wav;mfcribbon-ms</Extensions>
    </Filter>
  </ItemGroup>
  <ItemGroup>
    <ClCompile Include="source\Sibyl\Core\Application.cpp">
      <Filter>源文件</Filter>
    </ClCompile>
    <ClCompile Include="source\Sibyl\Core\Log.cpp">
      <Filter>源文件</Filter>
    </ClCompile>
    <ClCompile Include="source\Sibyl\Core\SIByLpch.cpp">
      <Filter>源文件</Filter>
    </ClCompile>
    <ClCompile Include="source\Sibyl\Core\Window.cpp">
      <Filter>源文件</Filter>
    </ClCompile>
    <ClCompile Include="source\Platform\OpenGL\Window\GLFWWindow.cpp">
      <Filter>源文件</Filter>
    </ClCompile>
    <ClCompile Include="source\Platform\Windows\Window\WindowsWindow.cpp">
      <Filter>源文件</Filter>
    </ClCompile>
    <ClCompile Include="source\Sibyl\Core\Layer.cpp">
      <Filter>源文件</Filter>
    </ClCompile>
    <ClCompile Include="source\Sibyl\Core\LayerStack.cpp">
      <Filter>源文件</Filter>
    </ClCompile>
    <ClCompile Include="vendor\glad\src\glad.cpp">
      <Filter>源文件</Filter>
    </ClCompile>
    <ClCompile Include="source\Sibyl\ImGui\ImGuiLayer.cpp">
      <Filter>源文件</Filter>
    </ClCompile>
    <ClCompile Include="source\Platform\OpenGL\ImGui\ImGuiOpenGLRenderer.cpp">
      <Filter>源文件</Filter>
    </ClCompile>
    <ClCompile Include="vendor\imgui\imgui.cpp">
      <Filter>源文件</Filter>
    </ClCompile>
    <ClCompile Include="vendor\imgui\imgui_demo.cpp">
      <Filter>源文件</Filter>
    </ClCompile>
    <ClCompile Include="vendor\imgui\imgui_draw.cpp">
      <Filter>源文件</Filter>
    </ClCompile>
    <ClCompile Include="vendor\imgui\imgui_tables.cpp">
      <Filter>源文件</Filter>
    </ClCompile>
    <ClCompile Include="vendor\imgui\imgui_widgets.cpp">
      <Filter>源文件</Filter>
    </ClCompile>
    <ClCompile Include="source\Platform\DirectX12\Common\DX12Context.cpp">
      <Filter>源文件</Filter>
    </ClCompile>
    <ClCompile Include="source\Platform\DirectX12\Common\DX12Utility.cpp">
      <Filter>源文件</Filter>
    </ClCompile>
    <ClCompile Include="source\Platform\DirectX12\ImGui\ImGuiDX12Renderer.cpp">
      <Filter>源文件</Filter>
    </ClCompile>
    <ClCompile Include="source\Platform\Windows\ImGui\ImGuiWin32Renderer.cpp">
      <Filter>源文件</Filter>
    </ClCompile>
    <ClCompile Include="source\Platform\OpenGL\ImGui\ImGuiLayerOpenGL.cpp">
      <Filter>源文件</Filter>
    </ClCompile>
    <ClCompile Include="source\Platform\DirectX12\ImGui\ImGuiLayerDX12.cpp">
      <Filter>源文件</Filter>
    </ClCompile>
    <ClCompile Include="source\Platform\OpenGL\Window\GLFWInput.cpp">
      <Filter>源文件</Filter>
    </ClCompile>
    <ClCompile Include="vendor\glm\glm\detail\glm.cpp">
      <Filter>源文件</Filter>
    </ClCompile>
    <ClCompile Include="source\Sibyl\ImGui\ImGuiBuild.cpp">
      <Filter>源文件</Filter>
    </ClCompile>
    <ClCompile Include="source\Platform\OpenGL\Common\OpenGLContext.cpp">
      <Filter>源文件</Filter>
    </ClCompile>
    <ClCompile Include="source\Platform\Windows\Window\WindowsInput.cpp">
      <Filter>源文件</Filter>
    </ClCompile>
    <ClCompile Include="source\Platform\DirectX12\AbstractAPI\Middle\DX12SwapChain.cpp">
      <Filter>源文件</Filter>
    </ClCompile>
    <ClCompile Include="source\Platform\DirectX12\AbstractAPI\Bottom\DX12UploadBuffer.cpp">
      <Filter>源文件</Filter>
    </ClCompile>
    <ClCompile Include="source\Platform\DirectX12\AbstractAPI\Bottom\DX12DescriptorAllocator.cpp">
      <Filter>源文件</Filter>
    </ClCompile>
    <ClCompile Include="source\Platform\DirectX12\AbstractAPI\Bottom\DX12DescriptorAllocatorPage.cpp">
      <Filter>源文件</Filter>
    </ClCompile>
    <ClCompile Include="source\Platform\DirectX12\AbstractAPI\Bottom\DX12DescriptorAllocation.cpp">
      <Filter>源文件</Filter>
    </ClCompile>
    <ClCompile Include="source\Platform\DirectX12\AbstractAPI\Bottom\DX12DynamicDescriptorHeap.cpp">
      <Filter>源文件</Filter>
    </ClCompile>
    <ClCompile Include="source\Platform\DirectX12\AbstractAPI\Middle\DX12CommandList.cpp">
      <Filter>源文件</Filter>
    </ClCompile>
    <ClCompile Include="source\Platform\DirectX12\AbstractAPI\Bottom\DX12Synchronizer.cpp">
      <Filter>源文件</Filter>
    </ClCompile>
    <ClCompile Include="source\Platform\DirectX12\AbstractAPI\Top\DX12RenderPipeline.cpp">
      <Filter>源文件</Filter>
    </ClCompile>
    <ClCompile Include="source\Platform\OpenGL\AbstractAPI\Top\OpenGLRenderPipeline.cpp">
      <Filter>源文件</Filter>
    </ClCompile>
    <ClCompile Include="source\Platform\OpenGL\AbstractAPI\Middle\OpenGLSwapChain.cpp">
      <Filter>源文件</Filter>
    </ClCompile>
    <ClCompile Include="source\Platform\OpenGL\ImGui\ImGuiGLFWRenderer.cpp">
      <Filter>源文件</Filter>
    </ClCompile>
    <ClCompile Include="source\Platform\OpenGL\AbstractAPI\Middle\OpenGLVertexBuffer.cpp">
      <Filter>源文件</Filter>
    </ClCompile>
    <ClCompile Include="source\Platform\OpenGL\AbstractAPI\Middle\OpenGLShader.cpp">
      <Filter>源文件</Filter>
    </ClCompile>
    <ClCompile Include="source\Sibyl\Graphic\Core\Renderer\Renderer.cpp">
      <Filter>源文件</Filter>
    </ClCompile>
    <ClCompile Include="source\Sibyl\Core\Input.cpp">
      <Filter>源文件</Filter>
    </ClCompile>
    <ClCompile Include="source\Sibyl\Graphic\AbstractAPI\Core\Middle\VertexBuffer.cpp">
      <Filter>源文件</Filter>
    </ClCompile>
    <ClCompile Include="source\Sibyl\Graphic\AbstractAPI\Core\Middle\IndexBuffer.cpp">
      <Filter>源文件</Filter>
    </ClCompile>
    <ClCompile Include="source\Platform\OpenGL\AbstractAPI\Middle\OpenGLIndexBuffer.cpp">
      <Filter>源文件</Filter>
    </ClCompile>
    <ClCompile Include="source\Platform\OpenGL\AbstractAPI\Top\OpenGLTriangleMesh.cpp">
      <Filter>源文件</Filter>
    </ClCompile>
    <ClCompile Include="source\Sibyl\Graphic\Core\Geometry\TriangleMesh.cpp">
      <Filter>源文件</Filter>
    </ClCompile>
    <ClCompile Include="source\Sibyl\Graphic\AbstractAPI\Core\Middle\Shader.cpp">
      <Filter>源文件</Filter>
    </ClCompile>
    <ClCompile Include="source\Sibyl\Graphic\AbstractAPI\Core\Top\Camera.cpp">
      <Filter>源文件</Filter>
    </ClCompile>
    <ClCompile Include="source\Platform\DirectX12\AbstractAPI\Middle\DX12Shader.cpp">
      <Filter>源文件</Filter>
    </ClCompile>
    <ClCompile Include="source\Platform\DirectX12\AbstractAPI\Top\DX12TriangleMesh.cpp">
      <Filter>源文件</Filter>
    </ClCompile>
    <ClCompile Include="source\Platform\DirectX12\AbstractAPI\Middle\DX12VertexBuffer.cpp">
      <Filter>源文件</Filter>
    </ClCompile>
    <ClCompile Include="source\Platform\DirectX12\AbstractAPI\Middle\DX12IndexBuffer.cpp">
      <Filter>源文件</Filter>
    </ClCompile>
    <ClCompile Include="source\Sibyl\Core\FrameTimer.cpp">
      <Filter>源文件</Filter>
    </ClCompile>
    <ClCompile Include="source\Platform\Windows\Window\WindowsFrameTimer.cpp">
      <Filter>源文件</Filter>
    </ClCompile>
    <ClCompile Include="source\Sibyl\Graphic\AbstractAPI\Core\Middle\ShaderBinder.cpp">
      <Filter>源文件</Filter>
    </ClCompile>
    <ClCompile Include="source\Platform\DirectX12\AbstractAPI\Middle\DX12ShaderBinder.cpp">
      <Filter>源文件</Filter>
    </ClCompile>
    <ClCompile Include="source\Platform\DirectX12\AbstractAPI\Bottom\DX12FrameResources.cpp">
      <Filter>源文件</Filter>
    </ClCompile>
    <ClCompile Include="source\Sibyl\Graphic\Core\Material\Material.cpp">
      <Filter>源文件</Filter>
    </ClCompile>
    <ClCompile Include="source\Sibyl\Graphic\AbstractAPI\Core\Middle\Texture.cpp">
      <Filter>源文件</Filter>
    </ClCompile>
    <ClCompile Include="source\Platform\OpenGL\AbstractAPI\Middle\OpenGLTexture.cpp">
      <Filter>源文件</Filter>
    </ClCompile>
    <ClCompile Include="vendor\stb_image\stb_image.cpp">
      <Filter>源文件</Filter>
    </ClCompile>
    <ClCompile Include="source\Sibyl\Graphic\Core\Texture\Image.cpp">
      <Filter>源文件</Filter>
    </ClCompile>
    <ClCompile Include="source\Platform\DirectX12\AbstractAPI\Middle\DX12Texture.cpp">
      <Filter>源文件</Filter>
    </ClCompile>
    <ClCompile Include="source\Platform\DirectX12\AbstractAPI\Bottom\DX12RootSignature.cpp">
      <Filter>源文件</Filter>
    </ClCompile>
    <ClCompile Include="source\Platform\OpenGL\AbstractAPI\Middle\OpenGLShaderBinder.cpp">
      <Filter>源文件</Filter>
    </ClCompile>
    <ClCompile Include="source\Sibyl\ECS\Components\ViewCameraController.cpp">
      <Filter>源文件</Filter>
    </ClCompile>
    <ClCompile Include="source\Sibyl\Graphic\Core\Renderer\Renderer2D.cpp">
      <Filter>源文件</Filter>
    </ClCompile>
    <ClCompile Include="source\Sibyl\Graphic\AbstractAPI\Core\Middle\FrameBuffer.cpp">
      <Filter>源文件</Filter>
    </ClCompile>
    <ClCompile Include="source\Platform\OpenGL\AbstractAPI\Middle\OpenGLFrameBuffer.cpp">
      <Filter>源文件</Filter>
    </ClCompile>
    <ClCompile Include="source\Platform\DirectX12\AbstractAPI\Middle\DX12FrameBuffer.cpp">
      <Filter>源文件</Filter>
    </ClCompile>
    <ClCompile Include="source\Sibyl\ECS\Scene\Scene.cpp">
      <Filter>源文件</Filter>
    </ClCompile>
    <ClCompile Include="source\Platform\DirectX12\AbstractAPI\Bottom\DX12ResourceStateTracker.cpp">
      <Filter>源文件</Filter>
    </ClCompile>
    <ClCompile Include="source\Platform\DirectX12\AbstractAPI\Bottom\DX12Resource.cpp">
      <Filter>源文件</Filter>
    </ClCompile>
    <ClCompile Include="source\Platform\DirectX12\AbstractAPI\Bottom\DX12CommonResource.cpp">
      <Filter>源文件</Filter>
    </ClCompile>
    <ClCompile Include="source\Platform\DirectX12\AbstractAPI\Middle\DX12CommandQueue.cpp">
      <Filter>源文件</Filter>
    </ClCompile>
    <ClCompile Include="source\Sibyl\ImGui\ImGuiUtility.cpp">
      <Filter>源文件</Filter>
    </ClCompile>
    <ClCompile Include="source\Sibyl\ECS\Core\Entity.cpp">
      <Filter>源文件</Filter>
    </ClCompile>
    <ClCompile Include="source\Sibyl\ECS\Components\Render\RenderImpl.cpp">
      <Filter>源文件</Filter>
    </ClCompile>
    <ClCompile Include="source\Sibyl\ECS\Components\Common\CommonUnity.cpp">
      <Filter>源文件</Filter>
    </ClCompile>
    <ClCompile Include="source\Sibyl\ECS\Scene\SceneSerializer.cpp">
      <Filter>源文件</Filter>
    </ClCompile>
    <ClCompile Include="source\Sibyl\Graphic\AbstractAPI\Core\Top\RenderPipeline.cpp">
      <Filter>源文件</Filter>
    </ClCompile>
    <ClCompile Include="source\Sibyl\Graphic\AbstractAPI\Core\Top\ScriptableRenderContext.cpp">
      <Filter>源文件</Filter>
    </ClCompile>
    <ClCompile Include="source\Sibyl\Graphic\AbstractAPI\Core\Top\DefaultRenderPipeline.cpp">
      <Filter>源文件</Filter>
    </ClCompile>
    <ClCompile Include="source\Sibyl\Graphic\AbstractAPI\Core\Top\CommandBuffer.cpp">
      <Filter>源文件</Filter>
    </ClCompile>
    <ClCompile Include="source\Sibyl\Graphic\AbstractAPI\Library\ResourceLibrary.cpp">
      <Filter>源文件</Filter>
    </ClCompile>
    <ClCompile Include="source\Sibyl\Graphic\AbstractAPI\Library\FrameBufferLibrary.cpp">
      <Filter>源文件</Filter>
    </ClCompile>
    <ClCompile Include="source\Sibyl\Graphic\AbstractAPI\Core\Top\RenderContextManager.cpp">
      <Filter>源文件</Filter>
    </ClCompile>
    <ClCompile Include="source\Sibyl\Graphic\AbstractAPI\Core\Top\GraphicContext.cpp">
      <Filter>源文件</Filter>
    </ClCompile>
  </ItemGroup>
  <ItemGroup>
    <ClInclude Include="source\Sibyl\Core\Core.h">
      <Filter>头文件</Filter>
    </ClInclude>
    <ClInclude Include="source\Sibyl\Core\Application.h">
      <Filter>头文件</Filter>
    </ClInclude>
    <ClInclude Include="source\SIByL.h">
      <Filter>头文件</Filter>
    </ClInclude>
    <ClInclude Include="source\Sibyl\Core\EntryPoint.h">
      <Filter>头文件</Filter>
    </ClInclude>
    <ClInclude Include="source\Sibyl\Core\Log.h">
      <Filter>头文件</Filter>
    </ClInclude>
    <ClInclude Include="source\Sibyl\Core\Events\Event.h">
      <Filter>头文件</Filter>
    </ClInclude>
    <ClInclude Include="source\Sibyl\Core\Events\ApplicationEvent.h">
      <Filter>头文件</Filter>
    </ClInclude>
    <ClInclude Include="source\Sibyl\Core\Events\KeyEvent.h">
      <Filter>头文件</Filter>
    </ClInclude>
    <ClInclude Include="source\Sibyl\Core\Events\MouseEvent.h">
      <Filter>头文件</Filter>
    </ClInclude>
    <ClInclude Include="source\SIByLpch.h">
      <Filter>头文件</Filter>
    </ClInclude>
    <ClInclude Include="source\Sibyl\Core\Window.h">
      <Filter>头文件</Filter>
    </ClInclude>
    <ClInclude Include="source\Platform\OpenGL\Window\GLFWWindow.h">
      <Filter>头文件</Filter>
    </ClInclude>
    <ClInclude Include="source\Platform\Windows\Window\WindowsWindow.h">
      <Filter>头文件</Filter>
    </ClInclude>
    <ClInclude Include="source\Sibyl\Core\Layer.h">
      <Filter>头文件</Filter>
    </ClInclude>
    <ClInclude Include="source\Sibyl\Core\LayerStack.h">
      <Filter>头文件</Filter>
    </ClInclude>
    <ClInclude Include="vendor\glad\include\glad\glad.h">
      <Filter>头文件</Filter>
    </ClInclude>
    <ClInclude Include="vendor\glad\include\KHR\khrplatform.h">
      <Filter>头文件</Filter>
    </ClInclude>
    <ClInclude Include="source\Sibyl\ImGui\ImGuiLayer.h">
      <Filter>头文件</Filter>
    </ClInclude>
    <ClInclude Include="source\Platform\OpenGL\ImGui\ImGuiOpenGLRenderer.h">
      <Filter>头文件</Filter>
    </ClInclude>
    <ClInclude Include="vendor\imgui\imconfig.h">
      <Filter>头文件</Filter>
    </ClInclude>
    <ClInclude Include="vendor\imgui\imgui.h">
      <Filter>头文件</Filter>
    </ClInclude>
    <ClInclude Include="vendor\imgui\imgui_internal.h">
      <Filter>头文件</Filter>
    </ClInclude>
    <ClInclude Include="vendor\imgui\imstb_rectpack.h">
      <Filter>头文件</Filter>
    </ClInclude>
    <ClInclude Include="vendor\imgui\imstb_textedit.h">
      <Filter>头文件</Filter>
    </ClInclude>
    <ClInclude Include="vendor\imgui\imstb_truetype.h">
      <Filter>头文件</Filter>
    </ClInclude>
    <ClInclude Include="source\SIByLsettings.h">
      <Filter>头文件</Filter>
    </ClInclude>
    <ClInclude Include="source\Platform\DirectX12\Common\DX12Context.h">
      <Filter>头文件</Filter>
    </ClInclude>
    <ClInclude Include="source\Platform\DirectX12\Common\DX12Utility.h">
      <Filter>头文件</Filter>
    </ClInclude>
    <ClInclude Include="source\Platform\DirectX12\ImGui\ImGuiDX12Renderer.h">
      <Filter>头文件</Filter>
    </ClInclude>
    <ClInclude Include="source\Platform\Windows\ImGui\ImGuiWin32Renderer.h">
      <Filter>头文件</Filter>
    </ClInclude>
    <ClInclude Include="source\Platform\OpenGL\ImGui\ImGuiLayerOpenGL.h">
      <Filter>头文件</Filter>
    </ClInclude>
    <ClInclude Include="source\Platform\DirectX12\ImGui\ImGuiLayerDX12.h">
      <Filter>头文件</Filter>
    </ClInclude>
    <ClInclude Include="source\Sibyl\Core\Input.h">
      <Filter>头文件</Filter>
    </ClInclude>
    <ClInclude Include="source\Platform\OpenGL\Window\GLFWInput.h">
      <Filter>头文件</Filter>
    </ClInclude>
    <ClInclude Include="source\Sibyl\Core\KeyCodes.h">
      <Filter>头文件</Filter>
    </ClInclude>
    <ClInclude Include="source\Sibyl\Core\MouseButtonCodes.h">
      <Filter>头文件</Filter>
    </ClInclude>
    <ClInclude Include="vendor\glm\glm\detail\_features.hpp">
      <Filter>头文件</Filter>
    </ClInclude>
    <ClInclude Include="vendor\glm\glm\detail\_fixes.hpp">
      <Filter>头文件</Filter>
    </ClInclude>
    <ClInclude Include="vendor\glm\glm\detail\_noise.hpp">
      <Filter>头文件</Filter>
    </ClInclude>
    <ClInclude Include="vendor\glm\glm\detail\_swizzle.hpp">
      <Filter>头文件</Filter>
    </ClInclude>
    <ClInclude Include="vendor\glm\glm\detail\_swizzle_func.hpp">
      <Filter>头文件</Filter>
    </ClInclude>
    <ClInclude Include="vendor\glm\glm\detail\_vectorize.hpp">
      <Filter>头文件</Filter>
    </ClInclude>
    <ClInclude Include="vendor\glm\glm\detail\compute_common.hpp">
      <Filter>头文件</Filter>
    </ClInclude>
    <ClInclude Include="vendor\glm\glm\detail\compute_vector_relational.hpp">
      <Filter>头文件</Filter>
    </ClInclude>
    <ClInclude Include="vendor\glm\glm\detail\qualifier.hpp">
      <Filter>头文件</Filter>
    </ClInclude>
    <ClInclude Include="vendor\glm\glm\detail\setup.hpp">
      <Filter>头文件</Filter>
    </ClInclude>
    <ClInclude Include="vendor\glm\glm\detail\type_float.hpp">
      <Filter>头文件</Filter>
    </ClInclude>
    <ClInclude Include="vendor\glm\glm\detail\type_half.hpp">
      <Filter>头文件</Filter>
    </ClInclude>
    <ClInclude Include="vendor\glm\glm\detail\type_mat2x2.hpp">
      <Filter>头文件</Filter>
    </ClInclude>
    <ClInclude Include="vendor\glm\glm\detail\type_mat2x3.hpp">
      <Filter>头文件</Filter>
    </ClInclude>
    <ClInclude Include="vendor\glm\glm\detail\type_mat2x4.hpp">
      <Filter>头文件</Filter>
    </ClInclude>
    <ClInclude Include="vendor\glm\glm\detail\type_mat3x2.hpp">
      <Filter>头文件</Filter>
    </ClInclude>
    <ClInclude Include="vendor\glm\glm\detail\type_mat3x3.hpp">
      <Filter>头文件</Filter>
    </ClInclude>
    <ClInclude Include="vendor\glm\glm\detail\type_mat3x4.hpp">
      <Filter>头文件</Filter>
    </ClInclude>
    <ClInclude Include="vendor\glm\glm\detail\type_mat4x2.hpp">
      <Filter>头文件</Filter>
    </ClInclude>
    <ClInclude Include="vendor\glm\glm\detail\type_mat4x3.hpp">
      <Filter>头文件</Filter>
    </ClInclude>
    <ClInclude Include="vendor\glm\glm\detail\type_mat4x4.hpp">
      <Filter>头文件</Filter>
    </ClInclude>
    <ClInclude Include="vendor\glm\glm\detail\type_quat.hpp">
      <Filter>头文件</Filter>
    </ClInclude>
    <ClInclude Include="vendor\glm\glm\detail\type_vec1.hpp">
      <Filter>头文件</Filter>
    </ClInclude>
    <ClInclude Include="vendor\glm\glm\detail\type_vec2.hpp">
      <Filter>头文件</Filter>
    </ClInclude>
    <ClInclude Include="vendor\glm\glm\detail\type_vec3.hpp">
      <Filter>头文件</Filter>
    </ClInclude>
    <ClInclude Include="vendor\glm\glm\detail\type_vec4.hpp">
      <Filter>头文件</Filter>
    </ClInclude>
    <ClInclude Include="vendor\glm\glm\ext\matrix_clip_space.hpp">
      <Filter>头文件</Filter>
    </ClInclude>
    <ClInclude Include="vendor\glm\glm\ext\matrix_common.hpp">
      <Filter>头文件</Filter>
    </ClInclude>
    <ClInclude Include="vendor\glm\glm\ext\matrix_double2x2.hpp">
      <Filter>头文件</Filter>
    </ClInclude>
    <ClInclude Include="vendor\glm\glm\ext\matrix_double2x2_precision.hpp">
      <Filter>头文件</Filter>
    </ClInclude>
    <ClInclude Include="vendor\glm\glm\ext\matrix_double2x3.hpp">
      <Filter>头文件</Filter>
    </ClInclude>
    <ClInclude Include="vendor\glm\glm\ext\matrix_double2x3_precision.hpp">
      <Filter>头文件</Filter>
    </ClInclude>
    <ClInclude Include="vendor\glm\glm\ext\matrix_double2x4.hpp">
      <Filter>头文件</Filter>
    </ClInclude>
    <ClInclude Include="vendor\glm\glm\ext\matrix_double2x4_precision.hpp">
      <Filter>头文件</Filter>
    </ClInclude>
    <ClInclude Include="vendor\glm\glm\ext\matrix_double3x2.hpp">
      <Filter>头文件</Filter>
    </ClInclude>
    <ClInclude Include="vendor\glm\glm\ext\matrix_double3x2_precision.hpp">
      <Filter>头文件</Filter>
    </ClInclude>
    <ClInclude Include="vendor\glm\glm\ext\matrix_double3x3.hpp">
      <Filter>头文件</Filter>
    </ClInclude>
    <ClInclude Include="vendor\glm\glm\ext\matrix_double3x3_precision.hpp">
      <Filter>头文件</Filter>
    </ClInclude>
    <ClInclude Include="vendor\glm\glm\ext\matrix_double3x4.hpp">
      <Filter>头文件</Filter>
    </ClInclude>
    <ClInclude Include="vendor\glm\glm\ext\matrix_double3x4_precision.hpp">
      <Filter>头文件</Filter>
    </ClInclude>
    <ClInclude Include="vendor\glm\glm\ext\matrix_double4x2.hpp">
      <Filter>头文件</Filter>
    </ClInclude>
    <ClInclude Include="vendor\glm\glm\ext\matrix_double4x2_precision.hpp">
      <Filter>头文件</Filter>
    </ClInclude>
    <ClInclude Include="vendor\glm\glm\ext\matrix_double4x3.hpp">
      <Filter>头文件</Filter>
    </ClInclude>
    <ClInclude Include="vendor\glm\glm\ext\matrix_double4x3_precision.hpp">
      <Filter>头文件</Filter>
    </ClInclude>
    <ClInclude Include="vendor\glm\glm\ext\matrix_double4x4.hpp">
      <Filter>头文件</Filter>
    </ClInclude>
    <ClInclude Include="vendor\glm\glm\ext\matrix_double4x4_precision.hpp">
      <Filter>头文件</Filter>
    </ClInclude>
    <ClInclude Include="vendor\glm\glm\ext\matrix_float2x2.hpp">
      <Filter>头文件</Filter>
    </ClInclude>
    <ClInclude Include="vendor\glm\glm\ext\matrix_float2x2_precision.hpp">
      <Filter>头文件</Filter>
    </ClInclude>
    <ClInclude Include="vendor\glm\glm\ext\matrix_float2x3.hpp">
      <Filter>头文件</Filter>
    </ClInclude>
    <ClInclude Include="vendor\glm\glm\ext\matrix_float2x3_precision.hpp">
      <Filter>头文件</Filter>
    </ClInclude>
    <ClInclude Include="vendor\glm\glm\ext\matrix_float2x4.hpp">
      <Filter>头文件</Filter>
    </ClInclude>
    <ClInclude Include="vendor\glm\glm\ext\matrix_float2x4_precision.hpp">
      <Filter>头文件</Filter>
    </ClInclude>
    <ClInclude Include="vendor\glm\glm\ext\matrix_float3x2.hpp">
      <Filter>头文件</Filter>
    </ClInclude>
    <ClInclude Include="vendor\glm\glm\ext\matrix_float3x2_precision.hpp">
      <Filter>头文件</Filter>
    </ClInclude>
    <ClInclude Include="vendor\glm\glm\ext\matrix_float3x3.hpp">
      <Filter>头文件</Filter>
    </ClInclude>
    <ClInclude Include="vendor\glm\glm\ext\matrix_float3x3_precision.hpp">
      <Filter>头文件</Filter>
    </ClInclude>
    <ClInclude Include="vendor\glm\glm\ext\matrix_float3x4.hpp">
      <Filter>头文件</Filter>
    </ClInclude>
    <ClInclude Include="vendor\glm\glm\ext\matrix_float3x4_precision.hpp">
      <Filter>头文件</Filter>
    </ClInclude>
    <ClInclude Include="vendor\glm\glm\ext\matrix_float4x2.hpp">
      <Filter>头文件</Filter>
    </ClInclude>
    <ClInclude Include="vendor\glm\glm\ext\matrix_float4x2_precision.hpp">
      <Filter>头文件</Filter>
    </ClInclude>
    <ClInclude Include="vendor\glm\glm\ext\matrix_float4x3.hpp">
      <Filter>头文件</Filter>
    </ClInclude>
    <ClInclude Include="vendor\glm\glm\ext\matrix_float4x3_precision.hpp">
      <Filter>头文件</Filter>
    </ClInclude>
    <ClInclude Include="vendor\glm\glm\ext\matrix_float4x4.hpp">
      <Filter>头文件</Filter>
    </ClInclude>
    <ClInclude Include="vendor\glm\glm\ext\matrix_float4x4_precision.hpp">
      <Filter>头文件</Filter>
    </ClInclude>
    <ClInclude Include="vendor\glm\glm\ext\matrix_int2x2.hpp">
      <Filter>头文件</Filter>
    </ClInclude>
    <ClInclude Include="vendor\glm\glm\ext\matrix_int2x2_sized.hpp">
      <Filter>头文件</Filter>
    </ClInclude>
    <ClInclude Include="vendor\glm\glm\ext\matrix_int2x3.hpp">
      <Filter>头文件</Filter>
    </ClInclude>
    <ClInclude Include="vendor\glm\glm\ext\matrix_int2x3_sized.hpp">
      <Filter>头文件</Filter>
    </ClInclude>
    <ClInclude Include="vendor\glm\glm\ext\matrix_int2x4.hpp">
      <Filter>头文件</Filter>
    </ClInclude>
    <ClInclude Include="vendor\glm\glm\ext\matrix_int2x4_sized.hpp">
      <Filter>头文件</Filter>
    </ClInclude>
    <ClInclude Include="vendor\glm\glm\ext\matrix_int3x2.hpp">
      <Filter>头文件</Filter>
    </ClInclude>
    <ClInclude Include="vendor\glm\glm\ext\matrix_int3x2_sized.hpp">
      <Filter>头文件</Filter>
    </ClInclude>
    <ClInclude Include="vendor\glm\glm\ext\matrix_int3x3.hpp">
      <Filter>头文件</Filter>
    </ClInclude>
    <ClInclude Include="vendor\glm\glm\ext\matrix_int3x3_sized.hpp">
      <Filter>头文件</Filter>
    </ClInclude>
    <ClInclude Include="vendor\glm\glm\ext\matrix_int3x4.hpp">
      <Filter>头文件</Filter>
    </ClInclude>
    <ClInclude Include="vendor\glm\glm\ext\matrix_int3x4_sized.hpp">
      <Filter>头文件</Filter>
    </ClInclude>
    <ClInclude Include="vendor\glm\glm\ext\matrix_int4x2.hpp">
      <Filter>头文件</Filter>
    </ClInclude>
    <ClInclude Include="vendor\glm\glm\ext\matrix_int4x2_sized.hpp">
      <Filter>头文件</Filter>
    </ClInclude>
    <ClInclude Include="vendor\glm\glm\ext\matrix_int4x3.hpp">
      <Filter>头文件</Filter>
    </ClInclude>
    <ClInclude Include="vendor\glm\glm\ext\matrix_int4x3_sized.hpp">
      <Filter>头文件</Filter>
    </ClInclude>
    <ClInclude Include="vendor\glm\glm\ext\matrix_int4x4.hpp">
      <Filter>头文件</Filter>
    </ClInclude>
    <ClInclude Include="vendor\glm\glm\ext\matrix_int4x4_sized.hpp">
      <Filter>头文件</Filter>
    </ClInclude>
    <ClInclude Include="vendor\glm\glm\ext\matrix_integer.hpp">
      <Filter>头文件</Filter>
    </ClInclude>
    <ClInclude Include="vendor\glm\glm\ext\matrix_projection.hpp">
      <Filter>头文件</Filter>
    </ClInclude>
    <ClInclude Include="vendor\glm\glm\ext\matrix_relational.hpp">
      <Filter>头文件</Filter>
    </ClInclude>
    <ClInclude Include="vendor\glm\glm\ext\matrix_transform.hpp">
      <Filter>头文件</Filter>
    </ClInclude>
    <ClInclude Include="vendor\glm\glm\ext\matrix_uint2x2.hpp">
      <Filter>头文件</Filter>
    </ClInclude>
    <ClInclude Include="vendor\glm\glm\ext\matrix_uint2x2_sized.hpp">
      <Filter>头文件</Filter>
    </ClInclude>
    <ClInclude Include="vendor\glm\glm\ext\matrix_uint2x3.hpp">
      <Filter>头文件</Filter>
    </ClInclude>
    <ClInclude Include="vendor\glm\glm\ext\matrix_uint2x3_sized.hpp">
      <Filter>头文件</Filter>
    </ClInclude>
    <ClInclude Include="vendor\glm\glm\ext\matrix_uint2x4.hpp">
      <Filter>头文件</Filter>
    </ClInclude>
    <ClInclude Include="vendor\glm\glm\ext\matrix_uint2x4_sized.hpp">
      <Filter>头文件</Filter>
    </ClInclude>
    <ClInclude Include="vendor\glm\glm\ext\matrix_uint3x2.hpp">
      <Filter>头文件</Filter>
    </ClInclude>
    <ClInclude Include="vendor\glm\glm\ext\matrix_uint3x2_sized.hpp">
      <Filter>头文件</Filter>
    </ClInclude>
    <ClInclude Include="vendor\glm\glm\ext\matrix_uint3x3.hpp">
      <Filter>头文件</Filter>
    </ClInclude>
    <ClInclude Include="vendor\glm\glm\ext\matrix_uint3x3_sized.hpp">
      <Filter>头文件</Filter>
    </ClInclude>
    <ClInclude Include="vendor\glm\glm\ext\matrix_uint3x4.hpp">
      <Filter>头文件</Filter>
    </ClInclude>
    <ClInclude Include="vendor\glm\glm\ext\matrix_uint3x4_sized.hpp">
      <Filter>头文件</Filter>
    </ClInclude>
    <ClInclude Include="vendor\glm\glm\ext\matrix_uint4x2.hpp">
      <Filter>头文件</Filter>
    </ClInclude>
    <ClInclude Include="vendor\glm\glm\ext\matrix_uint4x2_sized.hpp">
      <Filter>头文件</Filter>
    </ClInclude>
    <ClInclude Include="vendor\glm\glm\ext\matrix_uint4x3.hpp">
      <Filter>头文件</Filter>
    </ClInclude>
    <ClInclude Include="vendor\glm\glm\ext\matrix_uint4x3_sized.hpp">
      <Filter>头文件</Filter>
    </ClInclude>
    <ClInclude Include="vendor\glm\glm\ext\matrix_uint4x4.hpp">
      <Filter>头文件</Filter>
    </ClInclude>
    <ClInclude Include="vendor\glm\glm\ext\matrix_uint4x4_sized.hpp">
      <Filter>头文件</Filter>
    </ClInclude>
    <ClInclude Include="vendor\glm\glm\ext\quaternion_common.hpp">
      <Filter>头文件</Filter>
    </ClInclude>
    <ClInclude Include="vendor\glm\glm\ext\quaternion_double.hpp">
      <Filter>头文件</Filter>
    </ClInclude>
    <ClInclude Include="vendor\glm\glm\ext\quaternion_double_precision.hpp">
      <Filter>头文件</Filter>
    </ClInclude>
    <ClInclude Include="vendor\glm\glm\ext\quaternion_exponential.hpp">
      <Filter>头文件</Filter>
    </ClInclude>
    <ClInclude Include="vendor\glm\glm\ext\quaternion_float.hpp">
      <Filter>头文件</Filter>
    </ClInclude>
    <ClInclude Include="vendor\glm\glm\ext\quaternion_float_precision.hpp">
      <Filter>头文件</Filter>
    </ClInclude>
    <ClInclude Include="vendor\glm\glm\ext\quaternion_geometric.hpp">
      <Filter>头文件</Filter>
    </ClInclude>
    <ClInclude Include="vendor\glm\glm\ext\quaternion_relational.hpp">
      <Filter>头文件</Filter>
    </ClInclude>
    <ClInclude Include="vendor\glm\glm\ext\quaternion_transform.hpp">
      <Filter>头文件</Filter>
    </ClInclude>
    <ClInclude Include="vendor\glm\glm\ext\quaternion_trigonometric.hpp">
      <Filter>头文件</Filter>
    </ClInclude>
    <ClInclude Include="vendor\glm\glm\ext\scalar_common.hpp">
      <Filter>头文件</Filter>
    </ClInclude>
    <ClInclude Include="vendor\glm\glm\ext\scalar_constants.hpp">
      <Filter>头文件</Filter>
    </ClInclude>
    <ClInclude Include="vendor\glm\glm\ext\scalar_int_sized.hpp">
      <Filter>头文件</Filter>
    </ClInclude>
    <ClInclude Include="vendor\glm\glm\ext\scalar_integer.hpp">
      <Filter>头文件</Filter>
    </ClInclude>
    <ClInclude Include="vendor\glm\glm\ext\scalar_packing.hpp">
      <Filter>头文件</Filter>
    </ClInclude>
    <ClInclude Include="vendor\glm\glm\ext\scalar_reciprocal.hpp">
      <Filter>头文件</Filter>
    </ClInclude>
    <ClInclude Include="vendor\glm\glm\ext\scalar_relational.hpp">
      <Filter>头文件</Filter>
    </ClInclude>
    <ClInclude Include="vendor\glm\glm\ext\scalar_uint_sized.hpp">
      <Filter>头文件</Filter>
    </ClInclude>
    <ClInclude Include="vendor\glm\glm\ext\scalar_ulp.hpp">
      <Filter>头文件</Filter>
    </ClInclude>
    <ClInclude Include="vendor\glm\glm\ext\vector_bool1.hpp">
      <Filter>头文件</Filter>
    </ClInclude>
    <ClInclude Include="vendor\glm\glm\ext\vector_bool1_precision.hpp">
      <Filter>头文件</Filter>
    </ClInclude>
    <ClInclude Include="vendor\glm\glm\ext\vector_bool2.hpp">
      <Filter>头文件</Filter>
    </ClInclude>
    <ClInclude Include="vendor\glm\glm\ext\vector_bool2_precision.hpp">
      <Filter>头文件</Filter>
    </ClInclude>
    <ClInclude Include="vendor\glm\glm\ext\vector_bool3.hpp">
      <Filter>头文件</Filter>
    </ClInclude>
    <ClInclude Include="vendor\glm\glm\ext\vector_bool3_precision.hpp">
      <Filter>头文件</Filter>
    </ClInclude>
    <ClInclude Include="vendor\glm\glm\ext\vector_bool4.hpp">
      <Filter>头文件</Filter>
    </ClInclude>
    <ClInclude Include="vendor\glm\glm\ext\vector_bool4_precision.hpp">
      <Filter>头文件</Filter>
    </ClInclude>
    <ClInclude Include="vendor\glm\glm\ext\vector_common.hpp">
      <Filter>头文件</Filter>
    </ClInclude>
    <ClInclude Include="vendor\glm\glm\ext\vector_double1.hpp">
      <Filter>头文件</Filter>
    </ClInclude>
    <ClInclude Include="vendor\glm\glm\ext\vector_double1_precision.hpp">
      <Filter>头文件</Filter>
    </ClInclude>
    <ClInclude Include="vendor\glm\glm\ext\vector_double2.hpp">
      <Filter>头文件</Filter>
    </ClInclude>
    <ClInclude Include="vendor\glm\glm\ext\vector_double2_precision.hpp">
      <Filter>头文件</Filter>
    </ClInclude>
    <ClInclude Include="vendor\glm\glm\ext\vector_double3.hpp">
      <Filter>头文件</Filter>
    </ClInclude>
    <ClInclude Include="vendor\glm\glm\ext\vector_double3_precision.hpp">
      <Filter>头文件</Filter>
    </ClInclude>
    <ClInclude Include="vendor\glm\glm\ext\vector_double4.hpp">
      <Filter>头文件</Filter>
    </ClInclude>
    <ClInclude Include="vendor\glm\glm\ext\vector_double4_precision.hpp">
      <Filter>头文件</Filter>
    </ClInclude>
    <ClInclude Include="vendor\glm\glm\ext\vector_float1.hpp">
      <Filter>头文件</Filter>
    </ClInclude>
    <ClInclude Include="vendor\glm\glm\ext\vector_float1_precision.hpp">
      <Filter>头文件</Filter>
    </ClInclude>
    <ClInclude Include="vendor\glm\glm\ext\vector_float2.hpp">
      <Filter>头文件</Filter>
    </ClInclude>
    <ClInclude Include="vendor\glm\glm\ext\vector_float2_precision.hpp">
      <Filter>头文件</Filter>
    </ClInclude>
    <ClInclude Include="vendor\glm\glm\ext\vector_float3.hpp">
      <Filter>头文件</Filter>
    </ClInclude>
    <ClInclude Include="vendor\glm\glm\ext\vector_float3_precision.hpp">
      <Filter>头文件</Filter>
    </ClInclude>
    <ClInclude Include="vendor\glm\glm\ext\vector_float4.hpp">
      <Filter>头文件</Filter>
    </ClInclude>
    <ClInclude Include="vendor\glm\glm\ext\vector_float4_precision.hpp">
      <Filter>头文件</Filter>
    </ClInclude>
    <ClInclude Include="vendor\glm\glm\ext\vector_int1.hpp">
      <Filter>头文件</Filter>
    </ClInclude>
    <ClInclude Include="vendor\glm\glm\ext\vector_int1_sized.hpp">
      <Filter>头文件</Filter>
    </ClInclude>
    <ClInclude Include="vendor\glm\glm\ext\vector_int2.hpp">
      <Filter>头文件</Filter>
    </ClInclude>
    <ClInclude Include="vendor\glm\glm\ext\vector_int2_sized.hpp">
      <Filter>头文件</Filter>
    </ClInclude>
    <ClInclude Include="vendor\glm\glm\ext\vector_int3.hpp">
      <Filter>头文件</Filter>
    </ClInclude>
    <ClInclude Include="vendor\glm\glm\ext\vector_int3_sized.hpp">
      <Filter>头文件</Filter>
    </ClInclude>
    <ClInclude Include="vendor\glm\glm\ext\vector_int4.hpp">
      <Filter>头文件</Filter>
    </ClInclude>
    <ClInclude Include="vendor\glm\glm\ext\vector_int4_sized.hpp">
      <Filter>头文件</Filter>
    </ClInclude>
    <ClInclude Include="vendor\glm\glm\ext\vector_integer.hpp">
      <Filter>头文件</Filter>
    </ClInclude>
    <ClInclude Include="vendor\glm\glm\ext\vector_packing.hpp">
      <Filter>头文件</Filter>
    </ClInclude>
    <ClInclude Include="vendor\glm\glm\ext\vector_reciprocal.hpp">
      <Filter>头文件</Filter>
    </ClInclude>
    <ClInclude Include="vendor\glm\glm\ext\vector_relational.hpp">
      <Filter>头文件</Filter>
    </ClInclude>
    <ClInclude Include="vendor\glm\glm\ext\vector_uint1.hpp">
      <Filter>头文件</Filter>
    </ClInclude>
    <ClInclude Include="vendor\glm\glm\ext\vector_uint1_sized.hpp">
      <Filter>头文件</Filter>
    </ClInclude>
    <ClInclude Include="vendor\glm\glm\ext\vector_uint2.hpp">
      <Filter>头文件</Filter>
    </ClInclude>
    <ClInclude Include="vendor\glm\glm\ext\vector_uint2_sized.hpp">
      <Filter>头文件</Filter>
    </ClInclude>
    <ClInclude Include="vendor\glm\glm\ext\vector_uint3.hpp">
      <Filter>头文件</Filter>
    </ClInclude>
    <ClInclude Include="vendor\glm\glm\ext\vector_uint3_sized.hpp">
      <Filter>头文件</Filter>
    </ClInclude>
    <ClInclude Include="vendor\glm\glm\ext\vector_uint4.hpp">
      <Filter>头文件</Filter>
    </ClInclude>
    <ClInclude Include="vendor\glm\glm\ext\vector_uint4_sized.hpp">
      <Filter>头文件</Filter>
    </ClInclude>
    <ClInclude Include="vendor\glm\glm\ext\vector_ulp.hpp">
      <Filter>头文件</Filter>
    </ClInclude>
    <ClInclude Include="vendor\glm\glm\gtc\bitfield.hpp">
      <Filter>头文件</Filter>
    </ClInclude>
    <ClInclude Include="vendor\glm\glm\gtc\color_space.hpp">
      <Filter>头文件</Filter>
    </ClInclude>
    <ClInclude Include="vendor\glm\glm\gtc\constants.hpp">
      <Filter>头文件</Filter>
    </ClInclude>
    <ClInclude Include="vendor\glm\glm\gtc\epsilon.hpp">
      <Filter>头文件</Filter>
    </ClInclude>
    <ClInclude Include="vendor\glm\glm\gtc\integer.hpp">
      <Filter>头文件</Filter>
    </ClInclude>
    <ClInclude Include="vendor\glm\glm\gtc\matrix_access.hpp">
      <Filter>头文件</Filter>
    </ClInclude>
    <ClInclude Include="vendor\glm\glm\gtc\matrix_integer.hpp">
      <Filter>头文件</Filter>
    </ClInclude>
    <ClInclude Include="vendor\glm\glm\gtc\matrix_inverse.hpp">
      <Filter>头文件</Filter>
    </ClInclude>
    <ClInclude Include="vendor\glm\glm\gtc\matrix_transform.hpp">
      <Filter>头文件</Filter>
    </ClInclude>
    <ClInclude Include="vendor\glm\glm\gtc\noise.hpp">
      <Filter>头文件</Filter>
    </ClInclude>
    <ClInclude Include="vendor\glm\glm\gtc\packing.hpp">
      <Filter>头文件</Filter>
    </ClInclude>
    <ClInclude Include="vendor\glm\glm\gtc\quaternion.hpp">
      <Filter>头文件</Filter>
    </ClInclude>
    <ClInclude Include="vendor\glm\glm\gtc\random.hpp">
      <Filter>头文件</Filter>
    </ClInclude>
    <ClInclude Include="vendor\glm\glm\gtc\reciprocal.hpp">
      <Filter>头文件</Filter>
    </ClInclude>
    <ClInclude Include="vendor\glm\glm\gtc\round.hpp">
      <Filter>头文件</Filter>
    </ClInclude>
    <ClInclude Include="vendor\glm\glm\gtc\type_aligned.hpp">
      <Filter>头文件</Filter>
    </ClInclude>
    <ClInclude Include="vendor\glm\glm\gtc\type_precision.hpp">
      <Filter>头文件</Filter>
    </ClInclude>
    <ClInclude Include="vendor\glm\glm\gtc\type_ptr.hpp">
      <Filter>头文件</Filter>
    </ClInclude>
    <ClInclude Include="vendor\glm\glm\gtc\ulp.hpp">
      <Filter>头文件</Filter>
    </ClInclude>
    <ClInclude Include="vendor\glm\glm\gtc\vec1.hpp">
      <Filter>头文件</Filter>
    </ClInclude>
    <ClInclude Include="vendor\glm\glm\gtx\associated_min_max.hpp">
      <Filter>头文件</Filter>
    </ClInclude>
    <ClInclude Include="vendor\glm\glm\gtx\bit.hpp">
      <Filter>头文件</Filter>
    </ClInclude>
    <ClInclude Include="vendor\glm\glm\gtx\closest_point.hpp">
      <Filter>头文件</Filter>
    </ClInclude>
    <ClInclude Include="vendor\glm\glm\gtx\color_encoding.hpp">
      <Filter>头文件</Filter>
    </ClInclude>
    <ClInclude Include="vendor\glm\glm\gtx\color_space.hpp">
      <Filter>头文件</Filter>
    </ClInclude>
    <ClInclude Include="vendor\glm\glm\gtx\color_space_YCoCg.hpp">
      <Filter>头文件</Filter>
    </ClInclude>
    <ClInclude Include="vendor\glm\glm\gtx\common.hpp">
      <Filter>头文件</Filter>
    </ClInclude>
    <ClInclude Include="vendor\glm\glm\gtx\compatibility.hpp">
      <Filter>头文件</Filter>
    </ClInclude>
    <ClInclude Include="vendor\glm\glm\gtx\component_wise.hpp">
      <Filter>头文件</Filter>
    </ClInclude>
    <ClInclude Include="vendor\glm\glm\gtx\dual_quaternion.hpp">
      <Filter>头文件</Filter>
    </ClInclude>
    <ClInclude Include="vendor\glm\glm\gtx\easing.hpp">
      <Filter>头文件</Filter>
    </ClInclude>
    <ClInclude Include="vendor\glm\glm\gtx\euler_angles.hpp">
      <Filter>头文件</Filter>
    </ClInclude>
    <ClInclude Include="vendor\glm\glm\gtx\extend.hpp">
      <Filter>头文件</Filter>
    </ClInclude>
    <ClInclude Include="vendor\glm\glm\gtx\extended_min_max.hpp">
      <Filter>头文件</Filter>
    </ClInclude>
    <ClInclude Include="vendor\glm\glm\gtx\exterior_product.hpp">
      <Filter>头文件</Filter>
    </ClInclude>
    <ClInclude Include="vendor\glm\glm\gtx\fast_exponential.hpp">
      <Filter>头文件</Filter>
    </ClInclude>
    <ClInclude Include="vendor\glm\glm\gtx\fast_square_root.hpp">
      <Filter>头文件</Filter>
    </ClInclude>
    <ClInclude Include="vendor\glm\glm\gtx\fast_trigonometry.hpp">
      <Filter>头文件</Filter>
    </ClInclude>
    <ClInclude Include="vendor\glm\glm\gtx\functions.hpp">
      <Filter>头文件</Filter>
    </ClInclude>
    <ClInclude Include="vendor\glm\glm\gtx\gradient_paint.hpp">
      <Filter>头文件</Filter>
    </ClInclude>
    <ClInclude Include="vendor\glm\glm\gtx\handed_coordinate_space.hpp">
      <Filter>头文件</Filter>
    </ClInclude>
    <ClInclude Include="vendor\glm\glm\gtx\hash.hpp">
      <Filter>头文件</Filter>
    </ClInclude>
    <ClInclude Include="vendor\glm\glm\gtx\integer.hpp">
      <Filter>头文件</Filter>
    </ClInclude>
    <ClInclude Include="vendor\glm\glm\gtx\intersect.hpp">
      <Filter>头文件</Filter>
    </ClInclude>
    <ClInclude Include="vendor\glm\glm\gtx\io.hpp">
      <Filter>头文件</Filter>
    </ClInclude>
    <ClInclude Include="vendor\glm\glm\gtx\log_base.hpp">
      <Filter>头文件</Filter>
    </ClInclude>
    <ClInclude Include="vendor\glm\glm\gtx\matrix_cross_product.hpp">
      <Filter>头文件</Filter>
    </ClInclude>
    <ClInclude Include="vendor\glm\glm\gtx\matrix_decompose.hpp">
      <Filter>头文件</Filter>
    </ClInclude>
    <ClInclude Include="vendor\glm\glm\gtx\matrix_factorisation.hpp">
      <Filter>头文件</Filter>
    </ClInclude>
    <ClInclude Include="vendor\glm\glm\gtx\matrix_interpolation.hpp">
      <Filter>头文件</Filter>
    </ClInclude>
    <ClInclude Include="vendor\glm\glm\gtx\matrix_major_storage.hpp">
      <Filter>头文件</Filter>
    </ClInclude>
    <ClInclude Include="vendor\glm\glm\gtx\matrix_operation.hpp">
      <Filter>头文件</Filter>
    </ClInclude>
    <ClInclude Include="vendor\glm\glm\gtx\matrix_query.hpp">
      <Filter>头文件</Filter>
    </ClInclude>
    <ClInclude Include="vendor\glm\glm\gtx\matrix_transform_2d.hpp">
      <Filter>头文件</Filter>
    </ClInclude>
    <ClInclude Include="vendor\glm\glm\gtx\mixed_product.hpp">
      <Filter>头文件</Filter>
    </ClInclude>
    <ClInclude Include="vendor\glm\glm\gtx\norm.hpp">
      <Filter>头文件</Filter>
    </ClInclude>
    <ClInclude Include="vendor\glm\glm\gtx\normal.hpp">
      <Filter>头文件</Filter>
    </ClInclude>
    <ClInclude Include="vendor\glm\glm\gtx\normalize_dot.hpp">
      <Filter>头文件</Filter>
    </ClInclude>
    <ClInclude Include="vendor\glm\glm\gtx\number_precision.hpp">
      <Filter>头文件</Filter>
    </ClInclude>
    <ClInclude Include="vendor\glm\glm\gtx\optimum_pow.hpp">
      <Filter>头文件</Filter>
    </ClInclude>
    <ClInclude Include="vendor\glm\glm\gtx\orthonormalize.hpp">
      <Filter>头文件</Filter>
    </ClInclude>
    <ClInclude Include="vendor\glm\glm\gtx\pca.hpp">
      <Filter>头文件</Filter>
    </ClInclude>
    <ClInclude Include="vendor\glm\glm\gtx\perpendicular.hpp">
      <Filter>头文件</Filter>
    </ClInclude>
    <ClInclude Include="vendor\glm\glm\gtx\polar_coordinates.hpp">
      <Filter>头文件</Filter>
    </ClInclude>
    <ClInclude Include="vendor\glm\glm\gtx\projection.hpp">
      <Filter>头文件</Filter>
    </ClInclude>
    <ClInclude Include="vendor\glm\glm\gtx\quaternion.hpp">
      <Filter>头文件</Filter>
    </ClInclude>
    <ClInclude Include="vendor\glm\glm\gtx\range.hpp">
      <Filter>头文件</Filter>
    </ClInclude>
    <ClInclude Include="vendor\glm\glm\gtx\raw_data.hpp">
      <Filter>头文件</Filter>
    </ClInclude>
    <ClInclude Include="vendor\glm\glm\gtx\rotate_normalized_axis.hpp">
      <Filter>头文件</Filter>
    </ClInclude>
    <ClInclude Include="vendor\glm\glm\gtx\rotate_vector.hpp">
      <Filter>头文件</Filter>
    </ClInclude>
    <ClInclude Include="vendor\glm\glm\gtx\scalar_multiplication.hpp">
      <Filter>头文件</Filter>
    </ClInclude>
    <ClInclude Include="vendor\glm\glm\gtx\scalar_relational.hpp">
      <Filter>头文件</Filter>
    </ClInclude>
    <ClInclude Include="vendor\glm\glm\gtx\spline.hpp">
      <Filter>头文件</Filter>
    </ClInclude>
    <ClInclude Include="vendor\glm\glm\gtx\std_based_type.hpp">
      <Filter>头文件</Filter>
    </ClInclude>
    <ClInclude Include="vendor\glm\glm\gtx\string_cast.hpp">
      <Filter>头文件</Filter>
    </ClInclude>
    <ClInclude Include="vendor\glm\glm\gtx\texture.hpp">
      <Filter>头文件</Filter>
    </ClInclude>
    <ClInclude Include="vendor\glm\glm\gtx\transform.hpp">
      <Filter>头文件</Filter>
    </ClInclude>
    <ClInclude Include="vendor\glm\glm\gtx\transform2.hpp">
      <Filter>头文件</Filter>
    </ClInclude>
    <ClInclude Include="vendor\glm\glm\gtx\type_aligned.hpp">
      <Filter>头文件</Filter>
    </ClInclude>
    <ClInclude Include="vendor\glm\glm\gtx\type_trait.hpp">
      <Filter>头文件</Filter>
    </ClInclude>
    <ClInclude Include="vendor\glm\glm\gtx\vec_swizzle.hpp">
      <Filter>头文件</Filter>
    </ClInclude>
    <ClInclude Include="vendor\glm\glm\gtx\vector_angle.hpp">
      <Filter>头文件</Filter>
    </ClInclude>
    <ClInclude Include="vendor\glm\glm\gtx\vector_query.hpp">
      <Filter>头文件</Filter>
    </ClInclude>
    <ClInclude Include="vendor\glm\glm\gtx\wrap.hpp">
      <Filter>头文件</Filter>
    </ClInclude>
    <ClInclude Include="vendor\glm\glm\simd\common.h">
      <Filter>头文件</Filter>
    </ClInclude>
    <ClInclude Include="vendor\glm\glm\simd\exponential.h">
      <Filter>头文件</Filter>
    </ClInclude>
    <ClInclude Include="vendor\glm\glm\simd\geometric.h">
      <Filter>头文件</Filter>
    </ClInclude>
    <ClInclude Include="vendor\glm\glm\simd\integer.h">
      <Filter>头文件</Filter>
    </ClInclude>
    <ClInclude Include="vendor\glm\glm\simd\matrix.h">
      <Filter>头文件</Filter>
    </ClInclude>
    <ClInclude Include="vendor\glm\glm\simd\neon.h">
      <Filter>头文件</Filter>
    </ClInclude>
    <ClInclude Include="vendor\glm\glm\simd\packing.h">
      <Filter>头文件</Filter>
    </ClInclude>
    <ClInclude Include="vendor\glm\glm\simd\platform.h">
      <Filter>头文件</Filter>
    </ClInclude>
    <ClInclude Include="vendor\glm\glm\simd\trigonometric.h">
      <Filter>头文件</Filter>
    </ClInclude>
    <ClInclude Include="vendor\glm\glm\simd\vector_relational.h">
      <Filter>头文件</Filter>
    </ClInclude>
    <ClInclude Include="vendor\glm\glm\common.hpp">
      <Filter>头文件</Filter>
    </ClInclude>
    <ClInclude Include="vendor\glm\glm\exponential.hpp">
      <Filter>头文件</Filter>
    </ClInclude>
    <ClInclude Include="vendor\glm\glm\ext.hpp">
      <Filter>头文件</Filter>
    </ClInclude>
    <ClInclude Include="vendor\glm\glm\fwd.hpp">
      <Filter>头文件</Filter>
    </ClInclude>
    <ClInclude Include="vendor\glm\glm\geometric.hpp">
      <Filter>头文件</Filter>
    </ClInclude>
    <ClInclude Include="vendor\glm\glm\glm.hpp">
      <Filter>头文件</Filter>
    </ClInclude>
    <ClInclude Include="vendor\glm\glm\integer.hpp">
      <Filter>头文件</Filter>
    </ClInclude>
    <ClInclude Include="vendor\glm\glm\mat2x2.hpp">
      <Filter>头文件</Filter>
    </ClInclude>
    <ClInclude Include="vendor\glm\glm\mat2x3.hpp">
      <Filter>头文件</Filter>
    </ClInclude>
    <ClInclude Include="vendor\glm\glm\mat2x4.hpp">
      <Filter>头文件</Filter>
    </ClInclude>
    <ClInclude Include="vendor\glm\glm\mat3x2.hpp">
      <Filter>头文件</Filter>
    </ClInclude>
    <ClInclude Include="vendor\glm\glm\mat3x3.hpp">
      <Filter>头文件</Filter>
    </ClInclude>
    <ClInclude Include="vendor\glm\glm\mat3x4.hpp">
      <Filter>头文件</Filter>
    </ClInclude>
    <ClInclude Include="vendor\glm\glm\mat4x2.hpp">
      <Filter>头文件</Filter>
    </ClInclude>
    <ClInclude Include="vendor\glm\glm\mat4x3.hpp">
      <Filter>头文件</Filter>
    </ClInclude>
    <ClInclude Include="vendor\glm\glm\mat4x4.hpp">
      <Filter>头文件</Filter>
    </ClInclude>
    <ClInclude Include="vendor\glm\glm\matrix.hpp">
      <Filter>头文件</Filter>
    </ClInclude>
    <ClInclude Include="vendor\glm\glm\packing.hpp">
      <Filter>头文件</Filter>
    </ClInclude>
    <ClInclude Include="vendor\glm\glm\trigonometric.hpp">
      <Filter>头文件</Filter>
    </ClInclude>
    <ClInclude Include="vendor\glm\glm\vec2.hpp">
      <Filter>头文件</Filter>
    </ClInclude>
    <ClInclude Include="vendor\glm\glm\vec3.hpp">
      <Filter>头文件</Filter>
    </ClInclude>
    <ClInclude Include="vendor\glm\glm\vec4.hpp">
      <Filter>头文件</Filter>
    </ClInclude>
    <ClInclude Include="vendor\glm\glm\vector_relational.hpp">
      <Filter>头文件</Filter>
    </ClInclude>
    <ClInclude Include="source\Sibyl\Graphic\AbstractAPI\Core\Top\GraphicContext.h">
      <Filter>头文件</Filter>
    </ClInclude>
    <ClInclude Include="source\Platform\OpenGL\Common\OpenGLContext.h">
      <Filter>头文件</Filter>
    </ClInclude>
    <ClInclude Include="source\Sibyl\Graphic\AbstractAPI\Core\Middle\SwapChain.h">
      <Filter>头文件</Filter>
    </ClInclude>
    <ClInclude Include="source\Sibyl\Graphic\AbstractAPI\Core\Middle\FrameBuffer.h">
      <Filter>头文件</Filter>
    </ClInclude>
    <ClInclude Include="source\Sibyl\Graphic\AbstractAPI\Core\Middle\VertexBuffer.h">
      <Filter>头文件</Filter>
    </ClInclude>
    <ClInclude Include="source\Sibyl\Graphic\AbstractAPI\Core\Middle\IndexBuffer.h">
      <Filter>头文件</Filter>
    </ClInclude>
    <ClInclude Include="source\Sibyl\Graphic\AbstractAPI\Core\Middle\Shader.h">
      <Filter>头文件</Filter>
    </ClInclude>
    <ClInclude Include="source\Platform\Windows\Window\WindowsInput.h">
      <Filter>头文件</Filter>
    </ClInclude>
    <ClInclude Include="source\Platform\DirectX12\AbstractAPI\Middle\DX12SwapChain.h">
      <Filter>头文件</Filter>
    </ClInclude>
    <ClInclude Include="source\Platform\DirectX12\AbstractAPI\Bottom\DX12UploadBuffer.h">
      <Filter>头文件</Filter>
    </ClInclude>
    <ClInclude Include="source\Platform\DirectX12\AbstractAPI\Bottom\DX12DescriptorAllocator.h">
      <Filter>头文件</Filter>
    </ClInclude>
    <ClInclude Include="source\Platform\DirectX12\AbstractAPI\Bottom\DX12DescriptorAllocatorPage.h">
      <Filter>头文件</Filter>
    </ClInclude>
    <ClInclude Include="source\Platform\DirectX12\AbstractAPI\Bottom\DX12DescriptorAllocation.h">
      <Filter>头文件</Filter>
    </ClInclude>
    <ClInclude Include="source\Platform\DirectX12\AbstractAPI\Bottom\DX12DynamicDescriptorHeap.h">
      <Filter>头文件</Filter>
    </ClInclude>
    <ClInclude Include="source\Platform\DirectX12\AbstractAPI\Middle\DX12CommandList.h">
      <Filter>头文件</Filter>
    </ClInclude>
    <ClInclude Include="source\Platform\DirectX12\AbstractAPI\Bottom\DX12Synchronizer.h">
      <Filter>头文件</Filter>
    </ClInclude>
    <ClInclude Include="source\Platform\DirectX12\AbstractAPI\Top\DX12RenderPipeline.h">
      <Filter>头文件</Filter>
    </ClInclude>
    <ClInclude Include="source\Sibyl\Graphic\AbstractAPI\Core\Top\RenderPipeline.h">
      <Filter>头文件</Filter>
    </ClInclude>
    <ClInclude Include="source\Platform\OpenGL\AbstractAPI\Top\OpenGLRenderPipeline.h">
      <Filter>头文件</Filter>
    </ClInclude>
    <ClInclude Include="source\Platform\DirectX12\include\d3dx12.h">
      <Filter>头文件</Filter>
    </ClInclude>
    <ClInclude Include="source\Platform\OpenGL\AbstractAPI\Middle\OpenGLSwapChain.h">
      <Filter>头文件</Filter>
    </ClInclude>
    <ClInclude Include="source\Platform\OpenGL\ImGui\ImGuiGLFWRenderer.h">
      <Filter>头文件</Filter>
    </ClInclude>
    <ClInclude Include="source\Platform\OpenGL\AbstractAPI\Middle\OpenGLVertexBuffer.h">
      <Filter>头文件</Filter>
    </ClInclude>
    <ClInclude Include="source\Sibyl\Graphic\Core\Geometry\Primitive.h">
      <Filter>头文件</Filter>
    </ClInclude>
    <ClInclude Include="source\Sibyl\Graphic\Core\Geometry\TriangleMesh.h">
      <Filter>头文件</Filter>
    </ClInclude>
    <ClInclude Include="source\Sibyl\Graphic\Core\Geometry\Vertex.h">
      <Filter>头文件</Filter>
    </ClInclude>
    <ClInclude Include="source\Platform\OpenGL\AbstractAPI\Middle\OpenGLShader.h">
      <Filter>头文件</Filter>
    </ClInclude>
    <ClInclude Include="source\Sibyl\Graphic\Core\Renderer\Renderer.h">
      <Filter>头文件</Filter>
    </ClInclude>
    <ClInclude Include="source\Platform\OpenGL\AbstractAPI\Middle\OpenGLIndexBuffer.h">
      <Filter>头文件</Filter>
    </ClInclude>
    <ClInclude Include="source\Platform\OpenGL\AbstractAPI\Top\OpenGLTriangleMesh.h">
      <Filter>头文件</Filter>
    </ClInclude>
    <ClInclude Include="source\Sibyl\Graphic\AbstractAPI\Core\Top\Camera.h">
      <Filter>头文件</Filter>
    </ClInclude>
    <ClInclude Include="source\Sibyl\Graphic\Core\Texture\Image.h">
      <Filter>头文件</Filter>
    </ClInclude>
    <ClInclude Include="source\Sibyl\Graphic\AbstractAPI\Core\Middle\Texture.h">
      <Filter>头文件</Filter>
    </ClInclude>
    <ClInclude Include="source\Platform\Cuda\Common\CudaContext.h">
      <Filter>头文件</Filter>
    </ClInclude>
    <ClInclude Include="source\Platform\OpenCL\Common\OpenCLContext.h">
      <Filter>头文件</Filter>
    </ClInclude>
    <ClInclude Include="source\Platform\DirectX12\AbstractAPI\Middle\DX12Shader.h">
      <Filter>头文件</Filter>
    </ClInclude>
    <ClInclude Include="source\Platform\DirectX12\AbstractAPI\Top\DX12TriangleMesh.h">
      <Filter>头文件</Filter>
    </ClInclude>
    <ClInclude Include="source\Platform\DirectX12\AbstractAPI\Middle\DX12VertexBuffer.h">
      <Filter>头文件</Filter>
    </ClInclude>
    <ClInclude Include="source\Platform\DirectX12\AbstractAPI\Middle\DX12IndexBuffer.h">
      <Filter>头文件</Filter>
    </ClInclude>
    <ClInclude Include="source\Sibyl\Core\FrameTimer.h">
      <Filter>头文件</Filter>
    </ClInclude>
    <ClInclude Include="source\Platform\Windows\Window\WindowsFrameTimer.h">
      <Filter>头文件</Filter>
    </ClInclude>
    <ClInclude Include="source\Sibyl\Graphic\AbstractAPI\Core\Middle\ShaderBinder.h">
      <Filter>头文件</Filter>
    </ClInclude>
    <ClInclude Include="source\Platform\DirectX12\AbstractAPI\Middle\DX12ShaderBinder.h">
      <Filter>头文件</Filter>
    </ClInclude>
    <ClInclude Include="source\Sibyl\Graphic\AbstractAPI\Core\Middle\CommandList.h">
      <Filter>头文件</Filter>
    </ClInclude>
    <ClInclude Include="source\Sibyl\Graphic\AbstractAPI\Core\Bottom\Synchronizer.h">
      <Filter>头文件</Filter>
    </ClInclude>
    <ClInclude Include="source\Platform\OpenGL\AbstractAPI\Middle\OpenGLCommandList.h">
      <Filter>头文件</Filter>
    </ClInclude>
    <ClInclude Include="source\Platform\OpenGL\AbstractAPI\Bottom\OpenGLSynchronizer.h">
      <Filter>头文件</Filter>
    </ClInclude>
    <ClInclude Include="source\Sibyl\ECS\Components\Common\Transform.h">
      <Filter>头文件</Filter>
    </ClInclude>
    <ClInclude Include="source\Sibyl\Graphic\Core\Material\Material.h">
      <Filter>头文件</Filter>
    </ClInclude>
    <ClInclude Include="source\Platform\DirectX12\AbstractAPI\Bottom\DX12FrameResources.h">
      <Filter>头文件</Filter>
    </ClInclude>
    <ClInclude Include="source\Sibyl\Graphic\AbstractAPI\Core\Middle\ShaderData.h">
      <Filter>头文件</Filter>
    </ClInclude>
    <ClInclude Include="source\Platform\OpenGL\AbstractAPI\Middle\OpenGLTexture.h">
      <Filter>头文件</Filter>
    </ClInclude>
    <ClInclude Include="source\Platform\DirectX12\AbstractAPI\Middle\DX12Texture.h">
      <Filter>头文件</Filter>
    </ClInclude>
    <ClInclude Include="vendor\stb_image\stb_image.h">
      <Filter>头文件</Filter>
    </ClInclude>
    <ClInclude Include="source\Sibyl\Graphic\Core\Renderer\Renderer2D.h">
      <Filter>头文件</Filter>
    </ClInclude>
    <ClInclude Include="source\Platform\DirectX12\AbstractAPI\Bottom\DX12RootSignature.h">
      <Filter>头文件</Filter>
    </ClInclude>
    <ClInclude Include="source\Platform\OpenGL\AbstractAPI\Middle\OpenGLShaderBinder.h">
      <Filter>头文件</Filter>
    </ClInclude>
    <ClInclude Include="source\Sibyl\ECS\Components\ViewCameraController.h">
      <Filter>头文件</Filter>
    </ClInclude>
    <ClInclude Include="source\Sibyl\Graphic\Core\Animation\Core\KeyFrame.h">
      <Filter>头文件</Filter>
    </ClInclude>
    <ClInclude Include="source\Sibyl\Graphic\Core\Animation\Core\AnimationCurve.h">
      <Filter>头文件</Filter>
    </ClInclude>
    <ClInclude Include="source\Sibyl\Core\Instrumental.h">
      <Filter>头文件</Filter>
    </ClInclude>
    <ClInclude Include="source\Platform\OpenGL\AbstractAPI\Middle\OpenGLFrameBuffer.h">
      <Filter>头文件</Filter>
    </ClInclude>
    <ClInclude Include="source\Platform\DirectX12\AbstractAPI\Middle\DX12FrameBuffer.h">
      <Filter>头文件</Filter>
    </ClInclude>
    <ClInclude Include="vendor\entt\entt.hpp">
      <Filter>头文件</Filter>
    </ClInclude>
    <ClInclude Include="source\Sibyl\ECS\Scene\Scene.h">
      <Filter>头文件</Filter>
    </ClInclude>
    <ClInclude Include="source\Sibyl\ECS\Components\Render\MeshRenderer.h">
      <Filter>头文件</Filter>
    </ClInclude>
    <ClInclude Include="source\Sibyl\ECS\Components\Render\SpriteRenderer.h">
      <Filter>头文件</Filter>
    </ClInclude>
    <ClInclude Include="source\Sibyl\ECS\Components\Components.h">
      <Filter>头文件</Filter>
    </ClInclude>
    <ClInclude Include="source\Sibyl\Graphic\AbstractAPI\Core\Bottom\Resource.h">
      <Filter>头文件</Filter>
    </ClInclude>
    <ClInclude Include="source\Sibyl\Graphic\AbstractAPI\Core\Bottom\CommandList.h">
      <Filter>头文件</Filter>
    </ClInclude>
    <ClInclude Include="source\Platform\DirectX12\AbstractAPI\Bottom\DX12ResourceStateTracker.h">
      <Filter>头文件</Filter>
    </ClInclude>
    <ClInclude Include="source\Platform\DirectX12\AbstractAPI\Bottom\DX12Resource.h">
      <Filter>头文件</Filter>
    </ClInclude>
    <ClInclude Include="source\Platform\DirectX12\AbstractAPI\Bottom\DX12CommonResource.h">
      <Filter>头文件</Filter>
    </ClInclude>
    <ClInclude Include="source\Platform\DirectX12\AbstractAPI\Middle\DX12CommandQueue.h">
      <Filter>头文件</Filter>
    </ClInclude>
    <ClInclude Include="source\Sibyl\Basic\ThreadSafeQueue.h">
      <Filter>头文件</Filter>
    </ClInclude>
    <ClInclude Include="source\Sibyl\ImGui\ImGuiUtility.h">
      <Filter>头文件</Filter>
    </ClInclude>
    <ClInclude Include="source\Sibyl\ECS\Core\Entity.h">
      <Filter>头文件</Filter>
    </ClInclude>
    <ClInclude Include="source\Sibyl\ECS\Components\Common\Tag.h">
      <Filter>头文件</Filter>
    </ClInclude>
    <ClInclude Include="source\Sibyl\ECS\Components\Common\Camera.h">
      <Filter>头文件</Filter>
    </ClInclude>
    <ClInclude Include="source\Sibyl\ECS\Components\Script\NativeScript.h">
      <Filter>头文件</Filter>
    </ClInclude>
    <ClInclude Include="source\Sibyl\ECS\Components\Script\ScriptableEntity.h">
      <Filter>头文件</Filter>
    </ClInclude>
    <ClInclude Include="source\Sibyl\ECS\Components\Render\MeshFilter.h">
      <Filter>头文件</Filter>
    </ClInclude>
    <ClInclude Include="source\Sibyl\ECS\Scene\SceneSerializer.h">
      <Filter>头文件</Filter>
    </ClInclude>
    <ClInclude Include="source\Sibyl\Graphic\AbstractAPI\Core\Top\ScriptableRenderContext.h">
      <Filter>头文件</Filter>
    </ClInclude>
    <ClInclude Include="source\Sibyl\Graphic\AbstractAPI\Core\Top\DefaultRenderPipeline.h">
      <Filter>头文件</Filter>
    </ClInclude>
    <ClInclude Include="source\Sibyl\Graphic\AbstractAPI\Core\Top\CommandBuffer.h">
      <Filter>头文件</Filter>
    </ClInclude>
    <ClInclude Include="source\Sibyl\Graphic\Core\Material\Color.h">
      <Filter>头文件</Filter>
    </ClInclude>
    <ClInclude Include="source\Sibyl\Graphic\AbstractAPI\Library\ResourceLibrary.h">
      <Filter>头文件</Filter>
    </ClInclude>
    <ClInclude Include="source\Sibyl\Graphic\AbstractAPI\Library\FrameBufferLibrary.h">
      <Filter>头文件</Filter>
    </ClInclude>
    <ClInclude Include="source\Sibyl\Graphic\AbstractAPI\Core\Top\RenderContextManager.h">
      <Filter>头文件</Filter>
    </ClInclude>
  </ItemGroup>
  <ItemGroup>
    <None Include="vendor\glm\glm\detail\func_common.inl">
      <Filter>头文件</Filter>
    </None>
    <None Include="vendor\glm\glm\detail\func_common_simd.inl">
      <Filter>头文件</Filter>
    </None>
    <None Include="vendor\glm\glm\detail\func_exponential.inl">
      <Filter>头文件</Filter>
    </None>
    <None Include="vendor\glm\glm\detail\func_exponential_simd.inl">
      <Filter>头文件</Filter>
    </None>
    <None Include="vendor\glm\glm\detail\func_geometric.inl">
      <Filter>头文件</Filter>
    </None>
    <None Include="vendor\glm\glm\detail\func_geometric_simd.inl">
      <Filter>头文件</Filter>
    </None>
    <None Include="vendor\glm\glm\detail\func_integer.inl">
      <Filter>头文件</Filter>
    </None>
    <None Include="vendor\glm\glm\detail\func_integer_simd.inl">
      <Filter>头文件</Filter>
    </None>
    <None Include="vendor\glm\glm\detail\func_matrix.inl">
      <Filter>头文件</Filter>
    </None>
    <None Include="vendor\glm\glm\detail\func_matrix_simd.inl">
      <Filter>头文件</Filter>
    </None>
    <None Include="vendor\glm\glm\detail\func_packing.inl">
      <Filter>头文件</Filter>
    </None>
    <None Include="vendor\glm\glm\detail\func_packing_simd.inl">
      <Filter>头文件</Filter>
    </None>
    <None Include="vendor\glm\glm\detail\func_trigonometric.inl">
      <Filter>头文件</Filter>
    </None>
    <None Include="vendor\glm\glm\detail\func_trigonometric_simd.inl">
      <Filter>头文件</Filter>
    </None>
    <None Include="vendor\glm\glm\detail\func_vector_relational.inl">
      <Filter>头文件</Filter>
    </None>
    <None Include="vendor\glm\glm\detail\func_vector_relational_simd.inl">
      <Filter>头文件</Filter>
    </None>
    <None Include="vendor\glm\glm\detail\type_half.inl">
      <Filter>头文件</Filter>
    </None>
    <None Include="vendor\glm\glm\detail\type_mat2x2.inl">
      <Filter>头文件</Filter>
    </None>
    <None Include="vendor\glm\glm\detail\type_mat2x3.inl">
      <Filter>头文件</Filter>
    </None>
    <None Include="vendor\glm\glm\detail\type_mat2x4.inl">
      <Filter>头文件</Filter>
    </None>
    <None Include="vendor\glm\glm\detail\type_mat3x2.inl">
      <Filter>头文件</Filter>
    </None>
    <None Include="vendor\glm\glm\detail\type_mat3x3.inl">
      <Filter>头文件</Filter>
    </None>
    <None Include="vendor\glm\glm\detail\type_mat3x4.inl">
      <Filter>头文件</Filter>
    </None>
    <None Include="vendor\glm\glm\detail\type_mat4x2.inl">
      <Filter>头文件</Filter>
    </None>
    <None Include="vendor\glm\glm\detail\type_mat4x3.inl">
      <Filter>头文件</Filter>
    </None>
    <None Include="vendor\glm\glm\detail\type_mat4x4.inl">
      <Filter>头文件</Filter>
    </None>
    <None Include="vendor\glm\glm\detail\type_mat4x4_simd.inl">
      <Filter>头文件</Filter>
    </None>
    <None Include="vendor\glm\glm\detail\type_quat.inl">
      <Filter>头文件</Filter>
    </None>
    <None Include="vendor\glm\glm\detail\type_quat_simd.inl">
      <Filter>头文件</Filter>
    </None>
    <None Include="vendor\glm\glm\detail\type_vec1.inl">
      <Filter>头文件</Filter>
    </None>
    <None Include="vendor\glm\glm\detail\type_vec2.inl">
      <Filter>头文件</Filter>
    </None>
    <None Include="vendor\glm\glm\detail\type_vec3.inl">
      <Filter>头文件</Filter>
    </None>
    <None Include="vendor\glm\glm\detail\type_vec4.inl">
      <Filter>头文件</Filter>
    </None>
    <None Include="vendor\glm\glm\detail\type_vec4_simd.inl">
      <Filter>头文件</Filter>
    </None>
    <None Include="vendor\glm\glm\ext\matrix_clip_space.inl">
      <Filter>头文件</Filter>
    </None>
    <None Include="vendor\glm\glm\ext\matrix_common.inl">
      <Filter>头文件</Filter>
    </None>
    <None Include="vendor\glm\glm\ext\matrix_integer.inl">
      <Filter>头文件</Filter>
    </None>
    <None Include="vendor\glm\glm\ext\matrix_projection.inl">
      <Filter>头文件</Filter>
    </None>
    <None Include="vendor\glm\glm\ext\matrix_relational.inl">
      <Filter>头文件</Filter>
    </None>
    <None Include="vendor\glm\glm\ext\matrix_transform.inl">
      <Filter>头文件</Filter>
    </None>
    <None Include="vendor\glm\glm\ext\quaternion_common.inl">
      <Filter>头文件</Filter>
    </None>
    <None Include="vendor\glm\glm\ext\quaternion_common_simd.inl">
      <Filter>头文件</Filter>
    </None>
    <None Include="vendor\glm\glm\ext\quaternion_exponential.inl">
      <Filter>头文件</Filter>
    </None>
    <None Include="vendor\glm\glm\ext\quaternion_geometric.inl">
      <Filter>头文件</Filter>
    </None>
    <None Include="vendor\glm\glm\ext\quaternion_relational.inl">
      <Filter>头文件</Filter>
    </None>
    <None Include="vendor\glm\glm\ext\quaternion_transform.inl">
      <Filter>头文件</Filter>
    </None>
    <None Include="vendor\glm\glm\ext\quaternion_trigonometric.inl">
      <Filter>头文件</Filter>
    </None>
    <None Include="vendor\glm\glm\ext\scalar_common.inl">
      <Filter>头文件</Filter>
    </None>
    <None Include="vendor\glm\glm\ext\scalar_constants.inl">
      <Filter>头文件</Filter>
    </None>
    <None Include="vendor\glm\glm\ext\scalar_integer.inl">
      <Filter>头文件</Filter>
    </None>
    <None Include="vendor\glm\glm\ext\scalar_packing.inl">
      <Filter>头文件</Filter>
    </None>
    <None Include="vendor\glm\glm\ext\scalar_reciprocal.inl">
      <Filter>头文件</Filter>
    </None>
    <None Include="vendor\glm\glm\ext\scalar_relational.inl">
      <Filter>头文件</Filter>
    </None>
    <None Include="vendor\glm\glm\ext\scalar_ulp.inl">
      <Filter>头文件</Filter>
    </None>
    <None Include="vendor\glm\glm\ext\vector_common.inl">
      <Filter>头文件</Filter>
    </None>
    <None Include="vendor\glm\glm\ext\vector_integer.inl">
      <Filter>头文件</Filter>
    </None>
    <None Include="vendor\glm\glm\ext\vector_packing.inl">
      <Filter>头文件</Filter>
    </None>
    <None Include="vendor\glm\glm\ext\vector_reciprocal.inl">
      <Filter>头文件</Filter>
    </None>
    <None Include="vendor\glm\glm\ext\vector_relational.inl">
      <Filter>头文件</Filter>
    </None>
    <None Include="vendor\glm\glm\ext\vector_ulp.inl">
      <Filter>头文件</Filter>
    </None>
    <None Include="vendor\glm\glm\gtc\bitfield.inl">
      <Filter>头文件</Filter>
    </None>
    <None Include="vendor\glm\glm\gtc\color_space.inl">
      <Filter>头文件</Filter>
    </None>
    <None Include="vendor\glm\glm\gtc\constants.inl">
      <Filter>头文件</Filter>
    </None>
    <None Include="vendor\glm\glm\gtc\epsilon.inl">
      <Filter>头文件</Filter>
    </None>
    <None Include="vendor\glm\glm\gtc\integer.inl">
      <Filter>头文件</Filter>
    </None>
    <None Include="vendor\glm\glm\gtc\matrix_access.inl">
      <Filter>头文件</Filter>
    </None>
    <None Include="vendor\glm\glm\gtc\matrix_inverse.inl">
      <Filter>头文件</Filter>
    </None>
    <None Include="vendor\glm\glm\gtc\matrix_transform.inl">
      <Filter>头文件</Filter>
    </None>
    <None Include="vendor\glm\glm\gtc\noise.inl">
      <Filter>头文件</Filter>
    </None>
    <None Include="vendor\glm\glm\gtc\packing.inl">
      <Filter>头文件</Filter>
    </None>
    <None Include="vendor\glm\glm\gtc\quaternion.inl">
      <Filter>头文件</Filter>
    </None>
    <None Include="vendor\glm\glm\gtc\quaternion_simd.inl">
      <Filter>头文件</Filter>
    </None>
    <None Include="vendor\glm\glm\gtc\random.inl">
      <Filter>头文件</Filter>
    </None>
    <None Include="vendor\glm\glm\gtc\round.inl">
      <Filter>头文件</Filter>
    </None>
    <None Include="vendor\glm\glm\gtc\type_precision.inl">
      <Filter>头文件</Filter>
    </None>
    <None Include="vendor\glm\glm\gtc\type_ptr.inl">
      <Filter>头文件</Filter>
    </None>
    <None Include="vendor\glm\glm\gtc\ulp.inl">
      <Filter>头文件</Filter>
    </None>
    <None Include="vendor\glm\glm\gtx\associated_min_max.inl">
      <Filter>头文件</Filter>
    </None>
    <None Include="vendor\glm\glm\gtx\bit.inl">
      <Filter>头文件</Filter>
    </None>
    <None Include="vendor\glm\glm\gtx\closest_point.inl">
      <Filter>头文件</Filter>
    </None>
    <None Include="vendor\glm\glm\gtx\color_encoding.inl">
      <Filter>头文件</Filter>
    </None>
    <None Include="vendor\glm\glm\gtx\color_space.inl">
      <Filter>头文件</Filter>
    </None>
    <None Include="vendor\glm\glm\gtx\color_space_YCoCg.inl">
      <Filter>头文件</Filter>
    </None>
    <None Include="vendor\glm\glm\gtx\common.inl">
      <Filter>头文件</Filter>
    </None>
    <None Include="vendor\glm\glm\gtx\compatibility.inl">
      <Filter>头文件</Filter>
    </None>
    <None Include="vendor\glm\glm\gtx\component_wise.inl">
      <Filter>头文件</Filter>
    </None>
    <None Include="vendor\glm\glm\gtx\dual_quaternion.inl">
      <Filter>头文件</Filter>
    </None>
    <None Include="vendor\glm\glm\gtx\easing.inl">
      <Filter>头文件</Filter>
    </None>
    <None Include="vendor\glm\glm\gtx\euler_angles.inl">
      <Filter>头文件</Filter>
    </None>
    <None Include="vendor\glm\glm\gtx\extend.inl">
      <Filter>头文件</Filter>
    </None>
    <None Include="vendor\glm\glm\gtx\extended_min_max.inl">
      <Filter>头文件</Filter>
    </None>
    <None Include="vendor\glm\glm\gtx\exterior_product.inl">
      <Filter>头文件</Filter>
    </None>
    <None Include="vendor\glm\glm\gtx\fast_exponential.inl">
      <Filter>头文件</Filter>
    </None>
    <None Include="vendor\glm\glm\gtx\fast_square_root.inl">
      <Filter>头文件</Filter>
    </None>
    <None Include="vendor\glm\glm\gtx\fast_trigonometry.inl">
      <Filter>头文件</Filter>
    </None>
    <None Include="vendor\glm\glm\gtx\float_notmalize.inl">
      <Filter>头文件</Filter>
    </None>
    <None Include="vendor\glm\glm\gtx\functions.inl">
      <Filter>头文件</Filter>
    </None>
    <None Include="vendor\glm\glm\gtx\gradient_paint.inl">
      <Filter>头文件</Filter>
    </None>
    <None Include="vendor\glm\glm\gtx\handed_coordinate_space.inl">
      <Filter>头文件</Filter>
    </None>
    <None Include="vendor\glm\glm\gtx\hash.inl">
      <Filter>头文件</Filter>
    </None>
    <None Include="vendor\glm\glm\gtx\integer.inl">
      <Filter>头文件</Filter>
    </None>
    <None Include="vendor\glm\glm\gtx\intersect.inl">
      <Filter>头文件</Filter>
    </None>
    <None Include="vendor\glm\glm\gtx\io.inl">
      <Filter>头文件</Filter>
    </None>
    <None Include="vendor\glm\glm\gtx\log_base.inl">
      <Filter>头文件</Filter>
    </None>
    <None Include="vendor\glm\glm\gtx\matrix_cross_product.inl">
      <Filter>头文件</Filter>
    </None>
    <None Include="vendor\glm\glm\gtx\matrix_decompose.inl">
      <Filter>头文件</Filter>
    </None>
    <None Include="vendor\glm\glm\gtx\matrix_factorisation.inl">
      <Filter>头文件</Filter>
    </None>
    <None Include="vendor\glm\glm\gtx\matrix_interpolation.inl">
      <Filter>头文件</Filter>
    </None>
    <None Include="vendor\glm\glm\gtx\matrix_major_storage.inl">
      <Filter>头文件</Filter>
    </None>
    <None Include="vendor\glm\glm\gtx\matrix_operation.inl">
      <Filter>头文件</Filter>
    </None>
    <None Include="vendor\glm\glm\gtx\matrix_query.inl">
      <Filter>头文件</Filter>
    </None>
    <None Include="vendor\glm\glm\gtx\matrix_transform_2d.inl">
      <Filter>头文件</Filter>
    </None>
    <None Include="vendor\glm\glm\gtx\mixed_product.inl">
      <Filter>头文件</Filter>
    </None>
    <None Include="vendor\glm\glm\gtx\norm.inl">
      <Filter>头文件</Filter>
    </None>
    <None Include="vendor\glm\glm\gtx\normal.inl">
      <Filter>头文件</Filter>
    </None>
    <None Include="vendor\glm\glm\gtx\normalize_dot.inl">
      <Filter>头文件</Filter>
    </None>
    <None Include="vendor\glm\glm\gtx\number_precision.inl">
      <Filter>头文件</Filter>
    </None>
    <None Include="vendor\glm\glm\gtx\optimum_pow.inl">
      <Filter>头文件</Filter>
    </None>
    <None Include="vendor\glm\glm\gtx\orthonormalize.inl">
      <Filter>头文件</Filter>
    </None>
    <None Include="vendor\glm\glm\gtx\pca.inl">
      <Filter>头文件</Filter>
    </None>
    <None Include="vendor\glm\glm\gtx\perpendicular.inl">
      <Filter>头文件</Filter>
    </None>
    <None Include="vendor\glm\glm\gtx\polar_coordinates.inl">
      <Filter>头文件</Filter>
    </None>
    <None Include="vendor\glm\glm\gtx\projection.inl">
      <Filter>头文件</Filter>
    </None>
    <None Include="vendor\glm\glm\gtx\quaternion.inl">
      <Filter>头文件</Filter>
    </None>
    <None Include="vendor\glm\glm\gtx\raw_data.inl">
      <Filter>头文件</Filter>
    </None>
    <None Include="vendor\glm\glm\gtx\rotate_normalized_axis.inl">
      <Filter>头文件</Filter>
    </None>
    <None Include="vendor\glm\glm\gtx\rotate_vector.inl">
      <Filter>头文件</Filter>
    </None>
    <None Include="vendor\glm\glm\gtx\scalar_relational.inl">
      <Filter>头文件</Filter>
    </None>
    <None Include="vendor\glm\glm\gtx\spline.inl">
      <Filter>头文件</Filter>
    </None>
    <None Include="vendor\glm\glm\gtx\std_based_type.inl">
      <Filter>头文件</Filter>
    </None>
    <None Include="vendor\glm\glm\gtx\string_cast.inl">
      <Filter>头文件</Filter>
    </None>
    <None Include="vendor\glm\glm\gtx\texture.inl">
      <Filter>头文件</Filter>
    </None>
    <None Include="vendor\glm\glm\gtx\transform.inl">
      <Filter>头文件</Filter>
    </None>
    <None Include="vendor\glm\glm\gtx\transform2.inl">
      <Filter>头文件</Filter>
    </None>
    <None Include="vendor\glm\glm\gtx\type_aligned.inl">
      <Filter>头文件</Filter>
    </None>
    <None Include="vendor\glm\glm\gtx\type_trait.inl">
      <Filter>头文件</Filter>
    </None>
    <None Include="vendor\glm\glm\gtx\vector_angle.inl">
      <Filter>头文件</Filter>
    </None>
    <None Include="vendor\glm\glm\gtx\vector_query.inl">
      <Filter>头文件</Filter>
    </None>
    <None Include="vendor\glm\glm\gtx\wrap.inl">
      <Filter>头文件</Filter>
    </None>
  </ItemGroup>
</Project>